// !$*UTF8*$!
{
	archiveVersion = 1;
	classes = {
	};
	objectVersion = 77;
	objects = {

/* Begin PBXBuildFile section */
		1FB12A1A2E05044600FF8AA0 /* FirebaseAnalytics in Frameworks */ = {isa = PBXBuildFile; productRef = 1FB12A192E05044600FF8AA0 /* FirebaseAnalytics */; };
		1FB12A1C2E05044600FF8AA0 /* FirebaseAuthCombine-Community in Frameworks */ = {isa = PBXBuildFile; productRef = 1FB12A1B2E05044600FF8AA0 /* FirebaseAuthCombine-Community */; };
		1FB12A1E2E05044600FF8AA0 /* FirebaseCrashlytics in Frameworks */ = {isa = PBXBuildFile; productRef = 1FB12A1D2E05044600FF8AA0 /* FirebaseCrashlytics */; };
		1FB12A202E05044600FF8AA0 /* FirebaseFirestore in Frameworks */ = {isa = PBXBuildFile; productRef = 1FB12A1F2E05044600FF8AA0 /* FirebaseFirestore */; };
		1FB12A222E05044600FF8AA0 /* FirebaseFirestoreCombine-Community in Frameworks */ = {isa = PBXBuildFile; productRef = 1FB12A212E05044600FF8AA0 /* FirebaseFirestoreCombine-Community */; };
		1FB12A242E05044600FF8AA0 /* FirebaseStorage in Frameworks */ = {isa = PBXBuildFile; productRef = 1FB12A232E05044600FF8AA0 /* FirebaseStorage */; };
		1FB12A2F2E0507A400FF8AA0 /* README.md in Resources */ = {isa = PBXBuildFile; fileRef = 1FB12A2E2E0507A400FF8AA0 /* README.md */; };
/* End PBXBuildFile section */

/* Begin PBXContainerItemProxy section */
		1F85819E2DEFF41000CDEE4B /* PBXContainerItemProxy */ = {
			isa = PBXContainerItemProxy;
			containerPortal = 1F8581832DEFF40E00CDEE4B /* Project object */;
			proxyType = 1;
			remoteGlobalIDString = 1F85818A2DEFF40E00CDEE4B;
			remoteInfo = MySpend;
		};
		1F8581A82DEFF41000CDEE4B /* PBXContainerItemProxy */ = {
			isa = PBXContainerItemProxy;
			containerPortal = 1F8581832DEFF40E00CDEE4B /* Project object */;
			proxyType = 1;
			remoteGlobalIDString = 1F85818A2DEFF40E00CDEE4B;
			remoteInfo = MySpend;
		};
/* End PBXContainerItemProxy section */

/* Begin PBXFileReference section */
		1F85818B2DEFF40E00CDEE4B /* MySpend.app */ = {isa = PBXFileReference; explicitFileType = wrapper.application; includeInIndex = 0; path = MySpend.app; sourceTree = BUILT_PRODUCTS_DIR; };
		1F85819D2DEFF41000CDEE4B /* MySpendTests.xctest */ = {isa = PBXFileReference; explicitFileType = wrapper.cfbundle; includeInIndex = 0; path = MySpendTests.xctest; sourceTree = BUILT_PRODUCTS_DIR; };
		1F8581A72DEFF41000CDEE4B /* MySpendUITests.xctest */ = {isa = PBXFileReference; explicitFileType = wrapper.cfbundle; includeInIndex = 0; path = MySpendUITests.xctest; sourceTree = BUILT_PRODUCTS_DIR; };
		1FB12A2E2E0507A400FF8AA0 /* README.md */ = {isa = PBXFileReference; lastKnownFileType = net.daringfireball.markdown; name = README.md; path = ../README.md; sourceTree = SOURCE_ROOT; };
/* End PBXFileReference section */

/* Begin PBXFileSystemSynchronizedBuildFileExceptionSet section */
		1F85820F2DEFF67600CDEE4B /* Exceptions for "MySpend" folder in "MySpend" target */ = {
			isa = PBXFileSystemSynchronizedBuildFileExceptionSet;
			membershipExceptions = (
				Info.plist,
			);
			target = 1F85818A2DEFF40E00CDEE4B /* MySpend */;
		};
/* End PBXFileSystemSynchronizedBuildFileExceptionSet section */

/* Begin PBXFileSystemSynchronizedRootGroup section */
		1F85818D2DEFF40E00CDEE4B /* MySpend */ = {
			isa = PBXFileSystemSynchronizedRootGroup;
			exceptions = (
				1F85820F2DEFF67600CDEE4B /* Exceptions for "MySpend" folder in "MySpend" target */,
			);
			path = MySpend;
			sourceTree = "<group>";
		};
		1F8581A02DEFF41000CDEE4B /* MySpendTests */ = {
			isa = PBXFileSystemSynchronizedRootGroup;
			path = MySpendTests;
			sourceTree = "<group>";
		};
		1F8581AA2DEFF41000CDEE4B /* MySpendUITests */ = {
			isa = PBXFileSystemSynchronizedRootGroup;
			path = MySpendUITests;
			sourceTree = "<group>";
		};
/* End PBXFileSystemSynchronizedRootGroup section */

/* Begin PBXFrameworksBuildPhase section */
		1F8581882DEFF40E00CDEE4B /* Frameworks */ = {
			isa = PBXFrameworksBuildPhase;
			buildActionMask = 2147483647;
			files = (
				1FB12A1E2E05044600FF8AA0 /* FirebaseCrashlytics in Frameworks */,
				1FB12A202E05044600FF8AA0 /* FirebaseFirestore in Frameworks */,
				1FB12A1A2E05044600FF8AA0 /* FirebaseAnalytics in Frameworks */,
				1FB12A222E05044600FF8AA0 /* FirebaseFirestoreCombine-Community in Frameworks */,
				1FB12A1C2E05044600FF8AA0 /* FirebaseAuthCombine-Community in Frameworks */,
				1FB12A242E05044600FF8AA0 /* FirebaseStorage in Frameworks */,
			);
			runOnlyForDeploymentPostprocessing = 0;
		};
		1F85819A2DEFF41000CDEE4B /* Frameworks */ = {
			isa = PBXFrameworksBuildPhase;
			buildActionMask = 2147483647;
			files = (
			);
			runOnlyForDeploymentPostprocessing = 0;
		};
		1F8581A42DEFF41000CDEE4B /* Frameworks */ = {
			isa = PBXFrameworksBuildPhase;
			buildActionMask = 2147483647;
			files = (
			);
			runOnlyForDeploymentPostprocessing = 0;
		};
/* End PBXFrameworksBuildPhase section */

/* Begin PBXGroup section */
		1F8581822DEFF40E00CDEE4B = {
			isa = PBXGroup;
			children = (
				1F85818D2DEFF40E00CDEE4B /* MySpend */,
				1F8581A02DEFF41000CDEE4B /* MySpendTests */,
				1F8581AA2DEFF41000CDEE4B /* MySpendUITests */,
				1F85818C2DEFF40E00CDEE4B /* Products */,
				1FB12A2E2E0507A400FF8AA0 /* README.md */,
			);
			sourceTree = "<group>";
		};
		1F85818C2DEFF40E00CDEE4B /* Products */ = {
			isa = PBXGroup;
			children = (
				1F85818B2DEFF40E00CDEE4B /* MySpend.app */,
				1F85819D2DEFF41000CDEE4B /* MySpendTests.xctest */,
				1F8581A72DEFF41000CDEE4B /* MySpendUITests.xctest */,
			);
			name = Products;
			sourceTree = "<group>";
		};
/* End PBXGroup section */

/* Begin PBXNativeTarget section */
		1F85818A2DEFF40E00CDEE4B /* MySpend */ = {
			isa = PBXNativeTarget;
			buildConfigurationList = 1F8581B12DEFF41000CDEE4B /* Build configuration list for PBXNativeTarget "MySpend" */;
			buildPhases = (
				1F8581872DEFF40E00CDEE4B /* Sources */,
				1F8581882DEFF40E00CDEE4B /* Frameworks */,
				1F8581892DEFF40E00CDEE4B /* Resources */,
				1FB12A302E05085E00FF8AA0 /* ShellScript */,
			);
			buildRules = (
			);
			dependencies = (
			);
			fileSystemSynchronizedGroups = (
				1F85818D2DEFF40E00CDEE4B /* MySpend */,
			);
			name = MySpend;
			packageProductDependencies = (
				1FB12A192E05044600FF8AA0 /* FirebaseAnalytics */,
				1FB12A1B2E05044600FF8AA0 /* FirebaseAuthCombine-Community */,
				1FB12A1D2E05044600FF8AA0 /* FirebaseCrashlytics */,
				1FB12A1F2E05044600FF8AA0 /* FirebaseFirestore */,
				1FB12A212E05044600FF8AA0 /* FirebaseFirestoreCombine-Community */,
				1FB12A232E05044600FF8AA0 /* FirebaseStorage */,
			);
			productName = MySpend;
			productReference = 1F85818B2DEFF40E00CDEE4B /* MySpend.app */;
			productType = "com.apple.product-type.application";
		};
		1F85819C2DEFF41000CDEE4B /* MySpendTests */ = {
			isa = PBXNativeTarget;
			buildConfigurationList = 1F8581B42DEFF41000CDEE4B /* Build configuration list for PBXNativeTarget "MySpendTests" */;
			buildPhases = (
				1F8581992DEFF41000CDEE4B /* Sources */,
				1F85819A2DEFF41000CDEE4B /* Frameworks */,
				1F85819B2DEFF41000CDEE4B /* Resources */,
			);
			buildRules = (
			);
			dependencies = (
				1F85819F2DEFF41000CDEE4B /* PBXTargetDependency */,
			);
			fileSystemSynchronizedGroups = (
				1F8581A02DEFF41000CDEE4B /* MySpendTests */,
			);
			name = MySpendTests;
			packageProductDependencies = (
			);
			productName = MySpendTests;
			productReference = 1F85819D2DEFF41000CDEE4B /* MySpendTests.xctest */;
			productType = "com.apple.product-type.bundle.unit-test";
		};
		1F8581A62DEFF41000CDEE4B /* MySpendUITests */ = {
			isa = PBXNativeTarget;
			buildConfigurationList = 1F8581B72DEFF41000CDEE4B /* Build configuration list for PBXNativeTarget "MySpendUITests" */;
			buildPhases = (
				1F8581A32DEFF41000CDEE4B /* Sources */,
				1F8581A42DEFF41000CDEE4B /* Frameworks */,
				1F8581A52DEFF41000CDEE4B /* Resources */,
			);
			buildRules = (
			);
			dependencies = (
				1F8581A92DEFF41000CDEE4B /* PBXTargetDependency */,
			);
			fileSystemSynchronizedGroups = (
				1F8581AA2DEFF41000CDEE4B /* MySpendUITests */,
			);
			name = MySpendUITests;
			packageProductDependencies = (
			);
			productName = MySpendUITests;
			productReference = 1F8581A72DEFF41000CDEE4B /* MySpendUITests.xctest */;
			productType = "com.apple.product-type.bundle.ui-testing";
		};
/* End PBXNativeTarget section */

/* Begin PBXProject section */
		1F8581832DEFF40E00CDEE4B /* Project object */ = {
			isa = PBXProject;
			attributes = {
				BuildIndependentTargetsInParallel = 1;
				LastSwiftUpdateCheck = 1630;
				LastUpgradeCheck = 1630;
				TargetAttributes = {
					1F85818A2DEFF40E00CDEE4B = {
						CreatedOnToolsVersion = 16.3;
					};
					1F85819C2DEFF41000CDEE4B = {
						CreatedOnToolsVersion = 16.3;
						TestTargetID = 1F85818A2DEFF40E00CDEE4B;
					};
					1F8581A62DEFF41000CDEE4B = {
						CreatedOnToolsVersion = 16.3;
						TestTargetID = 1F85818A2DEFF40E00CDEE4B;
					};
				};
			};
			buildConfigurationList = 1F8581862DEFF40E00CDEE4B /* Build configuration list for PBXProject "MySpend" */;
			developmentRegion = en;
			hasScannedForEncodings = 0;
			knownRegions = (
				en,
				Base,
				es,
			);
			mainGroup = 1F8581822DEFF40E00CDEE4B;
			minimizedProjectReferenceProxies = 1;
			packageReferences = (
				1FB12A182E05044600FF8AA0 /* XCRemoteSwiftPackageReference "firebase-ios-sdk" */,
			);
			preferredProjectObjectVersion = 77;
			productRefGroup = 1F85818C2DEFF40E00CDEE4B /* Products */;
			projectDirPath = "";
			projectRoot = "";
			targets = (
				1F85818A2DEFF40E00CDEE4B /* MySpend */,
				1F85819C2DEFF41000CDEE4B /* MySpendTests */,
				1F8581A62DEFF41000CDEE4B /* MySpendUITests */,
			);
		};
/* End PBXProject section */

/* Begin PBXResourcesBuildPhase section */
		1F8581892DEFF40E00CDEE4B /* Resources */ = {
			isa = PBXResourcesBuildPhase;
			buildActionMask = 2147483647;
			files = (
				1FB12A2F2E0507A400FF8AA0 /* README.md in Resources */,
			);
			runOnlyForDeploymentPostprocessing = 0;
		};
		1F85819B2DEFF41000CDEE4B /* Resources */ = {
			isa = PBXResourcesBuildPhase;
			buildActionMask = 2147483647;
			files = (
			);
			runOnlyForDeploymentPostprocessing = 0;
		};
		1F8581A52DEFF41000CDEE4B /* Resources */ = {
			isa = PBXResourcesBuildPhase;
			buildActionMask = 2147483647;
			files = (
			);
			runOnlyForDeploymentPostprocessing = 0;
		};
/* End PBXResourcesBuildPhase section */

/* Begin PBXShellScriptBuildPhase section */
		1FB12A302E05085E00FF8AA0 /* ShellScript */ = {
			isa = PBXShellScriptBuildPhase;
			buildActionMask = 2147483647;
			files = (
			);
			inputFileListPaths = (
			);
			inputPaths = (
				"${DWARF_DSYM_FOLDER_PATH}/${DWARF_DSYM_FILE_NAME}/Contents/Resources/DWARF/${TARGET_NAME}",
				"$(SRCROOT)/$(BUILT_PRODUCTS_DIR)/$(INFOPLIST_PATH)",
			);
			outputFileListPaths = (
			);
			outputPaths = (
				"$(SRCROOT)/Outputs/CrashlyticsOutputFile.txt",
			);
			runOnlyForDeploymentPostprocessing = 0;
			shellPath = /bin/sh;
			shellScript = "# Type a script or drag a script file from your workspace to insert its path.\n \"${BUILD_DIR%/Build/*}/SourcePackages/checkouts/firebase-ios-sdk/Crashlytics/run\"\n";
		};
/* End PBXShellScriptBuildPhase section */

/* Begin PBXSourcesBuildPhase section */
		1F8581872DEFF40E00CDEE4B /* Sources */ = {
			isa = PBXSourcesBuildPhase;
			buildActionMask = 2147483647;
			files = (
			);
			runOnlyForDeploymentPostprocessing = 0;
		};
		1F8581992DEFF41000CDEE4B /* Sources */ = {
			isa = PBXSourcesBuildPhase;
			buildActionMask = 2147483647;
			files = (
			);
			runOnlyForDeploymentPostprocessing = 0;
		};
		1F8581A32DEFF41000CDEE4B /* Sources */ = {
			isa = PBXSourcesBuildPhase;
			buildActionMask = 2147483647;
			files = (
			);
			runOnlyForDeploymentPostprocessing = 0;
		};
/* End PBXSourcesBuildPhase section */

/* Begin PBXTargetDependency section */
		1F85819F2DEFF41000CDEE4B /* PBXTargetDependency */ = {
			isa = PBXTargetDependency;
			target = 1F85818A2DEFF40E00CDEE4B /* MySpend */;
			targetProxy = 1F85819E2DEFF41000CDEE4B /* PBXContainerItemProxy */;
		};
		1F8581A92DEFF41000CDEE4B /* PBXTargetDependency */ = {
			isa = PBXTargetDependency;
			target = 1F85818A2DEFF40E00CDEE4B /* MySpend */;
			targetProxy = 1F8581A82DEFF41000CDEE4B /* PBXContainerItemProxy */;
		};
/* End PBXTargetDependency section */

/* Begin XCBuildConfiguration section */
		1F8581AF2DEFF41000CDEE4B /* Debug */ = {
			isa = XCBuildConfiguration;
			buildSettings = {
				ALWAYS_SEARCH_USER_PATHS = NO;
				ASSETCATALOG_COMPILER_GENERATE_SWIFT_ASSET_SYMBOL_EXTENSIONS = YES;
				CLANG_ANALYZER_NONNULL = YES;
				CLANG_ANALYZER_NUMBER_OBJECT_CONVERSION = YES_AGGRESSIVE;
				CLANG_CXX_LANGUAGE_STANDARD = "gnu++20";
				CLANG_ENABLE_MODULES = YES;
				CLANG_ENABLE_OBJC_ARC = YES;
				CLANG_ENABLE_OBJC_WEAK = YES;
				CLANG_WARN_BLOCK_CAPTURE_AUTORELEASING = YES;
				CLANG_WARN_BOOL_CONVERSION = YES;
				CLANG_WARN_COMMA = YES;
				CLANG_WARN_CONSTANT_CONVERSION = YES;
				CLANG_WARN_DEPRECATED_OBJC_IMPLEMENTATIONS = YES;
				CLANG_WARN_DIRECT_OBJC_ISA_USAGE = YES_ERROR;
				CLANG_WARN_DOCUMENTATION_COMMENTS = YES;
				CLANG_WARN_EMPTY_BODY = YES;
				CLANG_WARN_ENUM_CONVERSION = YES;
				CLANG_WARN_INFINITE_RECURSION = YES;
				CLANG_WARN_INT_CONVERSION = YES;
				CLANG_WARN_NON_LITERAL_NULL_CONVERSION = YES;
				CLANG_WARN_OBJC_IMPLICIT_RETAIN_SELF = YES;
				CLANG_WARN_OBJC_LITERAL_CONVERSION = YES;
				CLANG_WARN_OBJC_ROOT_CLASS = YES_ERROR;
				CLANG_WARN_QUOTED_INCLUDE_IN_FRAMEWORK_HEADER = YES;
				CLANG_WARN_RANGE_LOOP_ANALYSIS = YES;
				CLANG_WARN_STRICT_PROTOTYPES = YES;
				CLANG_WARN_SUSPICIOUS_MOVE = YES;
				CLANG_WARN_UNGUARDED_AVAILABILITY = YES_AGGRESSIVE;
				CLANG_WARN_UNREACHABLE_CODE = YES;
				CLANG_WARN__DUPLICATE_METHOD_MATCH = YES;
				COPY_PHASE_STRIP = NO;
				DEBUG_INFORMATION_FORMAT = dwarf;
				DEVELOPMENT_TEAM = RJNWKKQ88P;
				ENABLE_STRICT_OBJC_MSGSEND = YES;
				ENABLE_TESTABILITY = YES;
				ENABLE_USER_SCRIPT_SANDBOXING = YES;
				GCC_C_LANGUAGE_STANDARD = gnu17;
				GCC_DYNAMIC_NO_PIC = NO;
				GCC_NO_COMMON_BLOCKS = YES;
				GCC_OPTIMIZATION_LEVEL = 0;
				GCC_PREPROCESSOR_DEFINITIONS = (
					"DEBUG=1",
					"$(inherited)",
				);
				GCC_WARN_64_TO_32_BIT_CONVERSION = YES;
				GCC_WARN_ABOUT_RETURN_TYPE = YES_ERROR;
				GCC_WARN_UNDECLARED_SELECTOR = YES;
				GCC_WARN_UNINITIALIZED_AUTOS = YES_AGGRESSIVE;
				GCC_WARN_UNUSED_FUNCTION = YES;
				GCC_WARN_UNUSED_VARIABLE = YES;
				IPHONEOS_DEPLOYMENT_TARGET = 18.4;
				LOCALIZATION_PREFERS_STRING_CATALOGS = YES;
				MTL_ENABLE_DEBUG_INFO = INCLUDE_SOURCE;
				MTL_FAST_MATH = YES;
				ONLY_ACTIVE_ARCH = YES;
				SDKROOT = iphoneos;
				SWIFT_ACTIVE_COMPILATION_CONDITIONS = "DEBUG $(inherited)";
				SWIFT_OPTIMIZATION_LEVEL = "-Onone";
			};
			name = Debug;
		};
		1F8581B02DEFF41000CDEE4B /* Release */ = {
			isa = XCBuildConfiguration;
			buildSettings = {
				ALWAYS_SEARCH_USER_PATHS = NO;
				ASSETCATALOG_COMPILER_GENERATE_SWIFT_ASSET_SYMBOL_EXTENSIONS = YES;
				CLANG_ANALYZER_NONNULL = YES;
				CLANG_ANALYZER_NUMBER_OBJECT_CONVERSION = YES_AGGRESSIVE;
				CLANG_CXX_LANGUAGE_STANDARD = "gnu++20";
				CLANG_ENABLE_MODULES = YES;
				CLANG_ENABLE_OBJC_ARC = YES;
				CLANG_ENABLE_OBJC_WEAK = YES;
				CLANG_WARN_BLOCK_CAPTURE_AUTORELEASING = YES;
				CLANG_WARN_BOOL_CONVERSION = YES;
				CLANG_WARN_COMMA = YES;
				CLANG_WARN_CONSTANT_CONVERSION = YES;
				CLANG_WARN_DEPRECATED_OBJC_IMPLEMENTATIONS = YES;
				CLANG_WARN_DIRECT_OBJC_ISA_USAGE = YES_ERROR;
				CLANG_WARN_DOCUMENTATION_COMMENTS = YES;
				CLANG_WARN_EMPTY_BODY = YES;
				CLANG_WARN_ENUM_CONVERSION = YES;
				CLANG_WARN_INFINITE_RECURSION = YES;
				CLANG_WARN_INT_CONVERSION = YES;
				CLANG_WARN_NON_LITERAL_NULL_CONVERSION = YES;
				CLANG_WARN_OBJC_IMPLICIT_RETAIN_SELF = YES;
				CLANG_WARN_OBJC_LITERAL_CONVERSION = YES;
				CLANG_WARN_OBJC_ROOT_CLASS = YES_ERROR;
				CLANG_WARN_QUOTED_INCLUDE_IN_FRAMEWORK_HEADER = YES;
				CLANG_WARN_RANGE_LOOP_ANALYSIS = YES;
				CLANG_WARN_STRICT_PROTOTYPES = YES;
				CLANG_WARN_SUSPICIOUS_MOVE = YES;
				CLANG_WARN_UNGUARDED_AVAILABILITY = YES_AGGRESSIVE;
				CLANG_WARN_UNREACHABLE_CODE = YES;
				CLANG_WARN__DUPLICATE_METHOD_MATCH = YES;
				COPY_PHASE_STRIP = NO;
				DEBUG_INFORMATION_FORMAT = "dwarf-with-dsym";
				DEVELOPMENT_TEAM = RJNWKKQ88P;
				ENABLE_NS_ASSERTIONS = NO;
				ENABLE_STRICT_OBJC_MSGSEND = YES;
				ENABLE_USER_SCRIPT_SANDBOXING = YES;
				GCC_C_LANGUAGE_STANDARD = gnu17;
				GCC_NO_COMMON_BLOCKS = YES;
				GCC_WARN_64_TO_32_BIT_CONVERSION = YES;
				GCC_WARN_ABOUT_RETURN_TYPE = YES_ERROR;
				GCC_WARN_UNDECLARED_SELECTOR = YES;
				GCC_WARN_UNINITIALIZED_AUTOS = YES_AGGRESSIVE;
				GCC_WARN_UNUSED_FUNCTION = YES;
				GCC_WARN_UNUSED_VARIABLE = YES;
				IPHONEOS_DEPLOYMENT_TARGET = 18.4;
				LOCALIZATION_PREFERS_STRING_CATALOGS = YES;
				MTL_ENABLE_DEBUG_INFO = NO;
				MTL_FAST_MATH = YES;
				SDKROOT = iphoneos;
				SWIFT_COMPILATION_MODE = wholemodule;
				VALIDATE_PRODUCT = YES;
			};
			name = Release;
		};
		1F8581B22DEFF41000CDEE4B /* Debug */ = {
			isa = XCBuildConfiguration;
			buildSettings = {
				ASSETCATALOG_COMPILER_APPICON_NAME = AppIcon;
				ASSETCATALOG_COMPILER_GLOBAL_ACCENT_COLOR_NAME = AccentColor;
				CODE_SIGN_STYLE = Automatic;
				CURRENT_PROJECT_VERSION = 1;
				DEVELOPMENT_TEAM = RJNWKKQ88P;
				ENABLE_PREVIEWS = YES;
				ENABLE_USER_SCRIPT_SANDBOXING = NO;
				GENERATE_INFOPLIST_FILE = YES;
				INFOPLIST_FILE = MySpend/Info.plist;
				INFOPLIST_KEY_CFBundleDisplayName = MySpend;
				INFOPLIST_KEY_LSApplicationCategoryType = "public.app-category.finance";
				INFOPLIST_KEY_UIApplicationSceneManifest_Generation = YES;
				INFOPLIST_KEY_UIApplicationSupportsIndirectInputEvents = YES;
				INFOPLIST_KEY_UILaunchScreen_Generation = YES;
				INFOPLIST_KEY_UILaunchStoryboardName = "Launch Screen.storyboard";
				INFOPLIST_KEY_UIRequiresFullScreen = YES;
				INFOPLIST_KEY_UISupportedInterfaceOrientations = UIInterfaceOrientationPortrait;
				INFOPLIST_KEY_UISupportedInterfaceOrientations_iPad = "UIInterfaceOrientationPortrait UIInterfaceOrientationPortraitUpsideDown";
				LD_RUNPATH_SEARCH_PATHS = (
					"$(inherited)",
					"@executable_path/Frameworks",
				);
				MARKETING_VERSION = 1.0;
				PRODUCT_BUNDLE_IDENTIFIER = com.fabian.MySpend;
				PRODUCT_NAME = "$(TARGET_NAME)";
				SUPPORTED_PLATFORMS = "iphoneos iphonesimulator";
				SUPPORTS_MACCATALYST = NO;
				SUPPORTS_XR_DESIGNED_FOR_IPHONE_IPAD = NO;
				SWIFT_EMIT_LOC_STRINGS = YES;
				SWIFT_VERSION = 5.0;
				TARGETED_DEVICE_FAMILY = "1,2";
			};
			name = Debug;
		};
		1F8581B32DEFF41000CDEE4B /* Release */ = {
			isa = XCBuildConfiguration;
			buildSettings = {
				ASSETCATALOG_COMPILER_APPICON_NAME = AppIcon;
				ASSETCATALOG_COMPILER_GLOBAL_ACCENT_COLOR_NAME = AccentColor;
				CODE_SIGN_STYLE = Automatic;
				CURRENT_PROJECT_VERSION = 1;
				DEVELOPMENT_TEAM = RJNWKKQ88P;
				ENABLE_PREVIEWS = YES;
				ENABLE_USER_SCRIPT_SANDBOXING = NO;
				GENERATE_INFOPLIST_FILE = YES;
				INFOPLIST_FILE = MySpend/Info.plist;
				INFOPLIST_KEY_CFBundleDisplayName = MySpend;
				INFOPLIST_KEY_LSApplicationCategoryType = "public.app-category.finance";
				INFOPLIST_KEY_UIApplicationSceneManifest_Generation = YES;
				INFOPLIST_KEY_UIApplicationSupportsIndirectInputEvents = YES;
				INFOPLIST_KEY_UILaunchScreen_Generation = YES;
				INFOPLIST_KEY_UILaunchStoryboardName = "Launch Screen.storyboard";
				INFOPLIST_KEY_UIRequiresFullScreen = YES;
				INFOPLIST_KEY_UISupportedInterfaceOrientations = UIInterfaceOrientationPortrait;
				INFOPLIST_KEY_UISupportedInterfaceOrientations_iPad = "UIInterfaceOrientationPortrait UIInterfaceOrientationPortraitUpsideDown";
				LD_RUNPATH_SEARCH_PATHS = (
					"$(inherited)",
					"@executable_path/Frameworks",
				);
				MARKETING_VERSION = 1.0;
				PRODUCT_BUNDLE_IDENTIFIER = com.fabian.MySpend;
				PRODUCT_NAME = "$(TARGET_NAME)";
				SUPPORTED_PLATFORMS = "iphoneos iphonesimulator";
				SUPPORTS_MACCATALYST = NO;
				SUPPORTS_XR_DESIGNED_FOR_IPHONE_IPAD = NO;
				SWIFT_EMIT_LOC_STRINGS = YES;
				SWIFT_VERSION = 5.0;
				TARGETED_DEVICE_FAMILY = "1,2";
			};
			name = Release;
		};
		1F8581B52DEFF41000CDEE4B /* Debug */ = {
			isa = XCBuildConfiguration;
			buildSettings = {
				BUNDLE_LOADER = "$(TEST_HOST)";
				CODE_SIGN_STYLE = Automatic;
				CURRENT_PROJECT_VERSION = 1;
				DEVELOPMENT_TEAM = RJNWKKQ88P;
				GENERATE_INFOPLIST_FILE = YES;
				IPHONEOS_DEPLOYMENT_TARGET = 18.4;
				MARKETING_VERSION = 1.0;
				PRODUCT_BUNDLE_IDENTIFIER = com.fabian.MySpendTests;
				PRODUCT_NAME = "$(TARGET_NAME)";
				SWIFT_EMIT_LOC_STRINGS = NO;
				SWIFT_VERSION = 5.0;
				TARGETED_DEVICE_FAMILY = "1,2";
				TEST_HOST = "$(BUILT_PRODUCTS_DIR)/MySpend.app/$(BUNDLE_EXECUTABLE_FOLDER_PATH)/MySpend";
			};
			name = Debug;
		};
		1F8581B62DEFF41000CDEE4B /* Release */ = {
			isa = XCBuildConfiguration;
			buildSettings = {
				BUNDLE_LOADER = "$(TEST_HOST)";
				CODE_SIGN_STYLE = Automatic;
				CURRENT_PROJECT_VERSION = 1;
				DEVELOPMENT_TEAM = RJNWKKQ88P;
				GENERATE_INFOPLIST_FILE = YES;
				IPHONEOS_DEPLOYMENT_TARGET = 18.4;
				MARKETING_VERSION = 1.0;
				PRODUCT_BUNDLE_IDENTIFIER = com.fabian.MySpendTests;
				PRODUCT_NAME = "$(TARGET_NAME)";
				SWIFT_EMIT_LOC_STRINGS = NO;
				SWIFT_VERSION = 5.0;
				TARGETED_DEVICE_FAMILY = "1,2";
				TEST_HOST = "$(BUILT_PRODUCTS_DIR)/MySpend.app/$(BUNDLE_EXECUTABLE_FOLDER_PATH)/MySpend";
			};
			name = Release;
		};
		1F8581B82DEFF41000CDEE4B /* Debug */ = {
			isa = XCBuildConfiguration;
			buildSettings = {
				CODE_SIGN_STYLE = Automatic;
				CURRENT_PROJECT_VERSION = 1;
				DEVELOPMENT_TEAM = RJNWKKQ88P;
				GENERATE_INFOPLIST_FILE = YES;
				MARKETING_VERSION = 1.0;
				PRODUCT_BUNDLE_IDENTIFIER = com.fabian.MySpendUITests;
				PRODUCT_NAME = "$(TARGET_NAME)";
				SWIFT_EMIT_LOC_STRINGS = NO;
				SWIFT_VERSION = 5.0;
				TARGETED_DEVICE_FAMILY = "1,2";
				TEST_TARGET_NAME = MySpend;
			};
			name = Debug;
		};
		1F8581B92DEFF41000CDEE4B /* Release */ = {
			isa = XCBuildConfiguration;
			buildSettings = {
				CODE_SIGN_STYLE = Automatic;
				CURRENT_PROJECT_VERSION = 1;
				DEVELOPMENT_TEAM = RJNWKKQ88P;
				GENERATE_INFOPLIST_FILE = YES;
				MARKETING_VERSION = 1.0;
				PRODUCT_BUNDLE_IDENTIFIER = com.fabian.MySpendUITests;
				PRODUCT_NAME = "$(TARGET_NAME)";
				SWIFT_EMIT_LOC_STRINGS = NO;
				SWIFT_VERSION = 5.0;
				TARGETED_DEVICE_FAMILY = "1,2";
				TEST_TARGET_NAME = MySpend;
			};
			name = Release;
		};
/* End XCBuildConfiguration section */

/* Begin XCConfigurationList section */
		1F8581862DEFF40E00CDEE4B /* Build configuration list for PBXProject "MySpend" */ = {
			isa = XCConfigurationList;
			buildConfigurations = (
				1F8581AF2DEFF41000CDEE4B /* Debug */,
				1F8581B02DEFF41000CDEE4B /* Release */,
			);
			defaultConfigurationIsVisible = 0;
			defaultConfigurationName = Release;
		};
		1F8581B12DEFF41000CDEE4B /* Build configuration list for PBXNativeTarget "MySpend" */ = {
			isa = XCConfigurationList;
			buildConfigurations = (
				1F8581B22DEFF41000CDEE4B /* Debug */,
				1F8581B32DEFF41000CDEE4B /* Release */,
			);
			defaultConfigurationIsVisible = 0;
			defaultConfigurationName = Release;
		};
		1F8581B42DEFF41000CDEE4B /* Build configuration list for PBXNativeTarget "MySpendTests" */ = {
			isa = XCConfigurationList;
			buildConfigurations = (
				1F8581B52DEFF41000CDEE4B /* Debug */,
				1F8581B62DEFF41000CDEE4B /* Release */,
			);
			defaultConfigurationIsVisible = 0;
			defaultConfigurationName = Release;
		};
		1F8581B72DEFF41000CDEE4B /* Build configuration list for PBXNativeTarget "MySpendUITests" */ = {
			isa = XCConfigurationList;
			buildConfigurations = (
				1F8581B82DEFF41000CDEE4B /* Debug */,
				1F8581B92DEFF41000CDEE4B /* Release */,
			);
			defaultConfigurationIsVisible = 0;
			defaultConfigurationName = Release;
		};
/* End XCConfigurationList section */

/* Begin XCRemoteSwiftPackageReference section */
		1FB12A182E05044600FF8AA0 /* XCRemoteSwiftPackageReference "firebase-ios-sdk" */ = {
			isa = XCRemoteSwiftPackageReference;
			repositoryURL = "https://github.com/firebase/firebase-ios-sdk.git";
			requirement = {
				kind = upToNextMajorVersion;
				minimumVersion = 11.14.0;
			};
		};
/* End XCRemoteSwiftPackageReference section */

/* Begin XCSwiftPackageProductDependency section */
		1FB12A192E05044600FF8AA0 /* FirebaseAnalytics */ = {
			isa = XCSwiftPackageProductDependency;
			package = 1FB12A182E05044600FF8AA0 /* XCRemoteSwiftPackageReference "firebase-ios-sdk" */;
			productName = FirebaseAnalytics;
		};
		1FB12A1B2E05044600FF8AA0 /* FirebaseAuthCombine-Community */ = {
			isa = XCSwiftPackageProductDependency;
			package = 1FB12A182E05044600FF8AA0 /* XCRemoteSwiftPackageReference "firebase-ios-sdk" */;
			productName = "FirebaseAuthCombine-Community";
		};
		1FB12A1D2E05044600FF8AA0 /* FirebaseCrashlytics */ = {
			isa = XCSwiftPackageProductDependency;
			package = 1FB12A182E05044600FF8AA0 /* XCRemoteSwiftPackageReference "firebase-ios-sdk" */;
			productName = FirebaseCrashlytics;
		};
		1FB12A1F2E05044600FF8AA0 /* FirebaseFirestore */ = {
			isa = XCSwiftPackageProductDependency;
			package = 1FB12A182E05044600FF8AA0 /* XCRemoteSwiftPackageReference "firebase-ios-sdk" */;
			productName = FirebaseFirestore;
		};
		1FB12A212E05044600FF8AA0 /* FirebaseFirestoreCombine-Community */ = {
			isa = XCSwiftPackageProductDependency;
			package = 1FB12A182E05044600FF8AA0 /* XCRemoteSwiftPackageReference "firebase-ios-sdk" */;
			productName = "FirebaseFirestoreCombine-Community";
		};
		1FB12A232E05044600FF8AA0 /* FirebaseStorage */ = {
			isa = XCSwiftPackageProductDependency;
			package = 1FB12A182E05044600FF8AA0 /* XCRemoteSwiftPackageReference "firebase-ios-sdk" */;
			productName = FirebaseStorage;
		};
/* End XCSwiftPackageProductDependency section */
	};
	rootObject = 1F8581832DEFF40E00CDEE4B /* Project object */;
}
