// !$*UTF8*$!
{
	archiveVersion = 1;
	classes = {
	};
	objectVersion = 56;
	objects = {

/* Begin PBXBuildFile section */
		1F1408192A58FB9400181500 /* ButtonPrimaryStyle.swift in Sources */ = {isa = PBXBuildFile; fileRef = 1F1408182A58FB9400181500 /* ButtonPrimaryStyle.swift */; };
		1F14081B2A590FC600181500 /* Animations.swift in Sources */ = {isa = PBXBuildFile; fileRef = 1F14081A2A590FC600181500 /* Animations.swift */; };
		1F14081D2A5910D300181500 /* ButtonLinkStyle.swift in Sources */ = {isa = PBXBuildFile; fileRef = 1F14081C2A5910D300181500 /* ButtonLinkStyle.swift */; };
		1F1408222A59254F00181500 /* RegisterView.swift in Sources */ = {isa = PBXBuildFile; fileRef = 1F1408212A59254F00181500 /* RegisterView.swift */; };
		1F19D9642A4A583800137EA0 /* TextFieldIconStyle.swift in Sources */ = {isa = PBXBuildFile; fileRef = 1F19D9632A4A583800137EA0 /* TextFieldIconStyle.swift */; };
		1F19D9662A4A764B00137EA0 /* Frames.swift in Sources */ = {isa = PBXBuildFile; fileRef = 1F19D9652A4A764B00137EA0 /* Frames.swift */; };
		1F19D9682A4A7A7000137EA0 /* Views.swift in Sources */ = {isa = PBXBuildFile; fileRef = 1F19D9672A4A7A7000137EA0 /* Views.swift */; };
		1F19D96A2A4A933200137EA0 /* Shapes.swift in Sources */ = {isa = PBXBuildFile; fileRef = 1F19D9692A4A933200137EA0 /* Shapes.swift */; };
		1F19D96E2A4ACC3D00137EA0 /* Utils.swift in Sources */ = {isa = PBXBuildFile; fileRef = 1F19D96D2A4ACC3D00137EA0 /* Utils.swift */; };
		1F1E854C2A6F7AFD00CEEBBC /* SettingsView.swift in Sources */ = {isa = PBXBuildFile; fileRef = 1F1E854B2A6F7AFD00CEEBBC /* SettingsView.swift */; };
		1F4C24832A47A6DA00CCAF6D /* MySpendApp.swift in Sources */ = {isa = PBXBuildFile; fileRef = 1F4C24822A47A6DA00CCAF6D /* MySpendApp.swift */; };
		1F4C24872A47A6DC00CCAF6D /* Assets.xcassets in Resources */ = {isa = PBXBuildFile; fileRef = 1F4C24862A47A6DC00CCAF6D /* Assets.xcassets */; };
		1F4C248A2A47A6DC00CCAF6D /* Preview Assets.xcassets in Resources */ = {isa = PBXBuildFile; fileRef = 1F4C24892A47A6DC00CCAF6D /* Preview Assets.xcassets */; };
		1F4C24942A47A6DC00CCAF6D /* MySpendTests.swift in Sources */ = {isa = PBXBuildFile; fileRef = 1F4C24932A47A6DC00CCAF6D /* MySpendTests.swift */; };
		1F4C249E2A47A6DC00CCAF6D /* MySpendUITests.swift in Sources */ = {isa = PBXBuildFile; fileRef = 1F4C249D2A47A6DC00CCAF6D /* MySpendUITests.swift */; };
		1F4C24A02A47A6DC00CCAF6D /* MySpendUITestsLaunchTests.swift in Sources */ = {isa = PBXBuildFile; fileRef = 1F4C249F2A47A6DC00CCAF6D /* MySpendUITestsLaunchTests.swift */; };
		1F5CC57C2A6648E400C214FE /* DividerView.swift in Sources */ = {isa = PBXBuildFile; fileRef = 1F5CC57B2A6648E400C214FE /* DividerView.swift */; };
		1F5CC57E2A664EFB00C214FE /* TextFieldEmail.swift in Sources */ = {isa = PBXBuildFile; fileRef = 1F5CC57D2A664EFB00C214FE /* TextFieldEmail.swift */; };
		1F5CC5802A6653AF00C214FE /* TextFieldPassword.swift in Sources */ = {isa = PBXBuildFile; fileRef = 1F5CC57F2A6653AF00C214FE /* TextFieldPassword.swift */; };
		1F5CC5822A6657F800C214FE /* TextFieldName.swift in Sources */ = {isa = PBXBuildFile; fileRef = 1F5CC5812A6657F800C214FE /* TextFieldName.swift */; };
		1F5CC5842A6662A200C214FE /* ButtonNavigationBack.swift in Sources */ = {isa = PBXBuildFile; fileRef = 1F5CC5832A6662A200C214FE /* ButtonNavigationBack.swift */; };
		1F6344002A47A8C400081BCD /* README.md in Resources */ = {isa = PBXBuildFile; fileRef = 1F6343FF2A47A8C400081BCD /* README.md */; };
		1F64B09D2A7089C5004AC825 /* SettingsOptions.swift in Sources */ = {isa = PBXBuildFile; fileRef = 1F64B09C2A7089C5004AC825 /* SettingsOptions.swift */; };
		1F64B0A12A70AA94004AC825 /* ListContainer.swift in Sources */ = {isa = PBXBuildFile; fileRef = 1F64B0A02A70AA94004AC825 /* ListContainer.swift */; };
		1F663B592A66460800FE70B1 /* PruebaNoMoverView.swift in Sources */ = {isa = PBXBuildFile; fileRef = 1F663B582A66460800FE70B1 /* PruebaNoMoverView.swift */; };
		1F7437B42A668BCD0039EFD4 /* Gestures+Extensions.swift in Sources */ = {isa = PBXBuildFile; fileRef = 1F7437B32A668BCD0039EFD4 /* Gestures+Extensions.swift */; };
		1F7486B72A68C4250063AC35 /* TextError.swift in Sources */ = {isa = PBXBuildFile; fileRef = 1F7486B62A68C4250063AC35 /* TextError.swift */; };
		1F7486BB2A68D4A30063AC35 /* Fonts+Extensions.swift in Sources */ = {isa = PBXBuildFile; fileRef = 1F7486BA2A68D4A30063AC35 /* Fonts+Extensions.swift */; };
		1F7486BF2A68ECD90063AC35 /* FormContainer.swift in Sources */ = {isa = PBXBuildFile; fileRef = 1F7486BE2A68ECD90063AC35 /* FormContainer.swift */; };
		1F7486C32A6A3F770063AC35 /* ButtonRounded.swift in Sources */ = {isa = PBXBuildFile; fileRef = 1F7486C22A6A3F770063AC35 /* ButtonRounded.swift */; };
		1F7486C72A6A57310063AC35 /* TabViewContainer.swift in Sources */ = {isa = PBXBuildFile; fileRef = 1F7486C62A6A57310063AC35 /* TabViewContainer.swift */; };
		1F7486C92A6A5DC90063AC35 /* ButtonScaleStyle.swift in Sources */ = {isa = PBXBuildFile; fileRef = 1F7486C82A6A5DC90063AC35 /* ButtonScaleStyle.swift */; };
		1F7486CB2A6F72D20063AC35 /* TabViewButton.swift in Sources */ = {isa = PBXBuildFile; fileRef = 1F7486CA2A6F72D20063AC35 /* TabViewButton.swift */; };
		1F9D79B32A47ABEA00F55418 /* GoogleService-Info.plist in Resources */ = {isa = PBXBuildFile; fileRef = 1F9D79B22A47ABEA00F55418 /* GoogleService-Info.plist */; };
		1F9D79B62A47AD4300F55418 /* FirebaseAnalytics in Frameworks */ = {isa = PBXBuildFile; productRef = 1F9D79B52A47AD4300F55418 /* FirebaseAnalytics */; };
		1F9D79B82A47AD4300F55418 /* FirebaseAuth in Frameworks */ = {isa = PBXBuildFile; productRef = 1F9D79B72A47AD4300F55418 /* FirebaseAuth */; };
		1F9D79BA2A47AD4300F55418 /* FirebaseCrashlytics in Frameworks */ = {isa = PBXBuildFile; productRef = 1F9D79B92A47AD4300F55418 /* FirebaseCrashlytics */; };
		1F9D79BC2A47AD4300F55418 /* FirebaseFirestore in Frameworks */ = {isa = PBXBuildFile; productRef = 1F9D79BB2A47AD4300F55418 /* FirebaseFirestore */; };
		1FAEE6D02A47A9AB00630367 /* LoginView.swift in Sources */ = {isa = PBXBuildFile; fileRef = 1FAEE6CF2A47A9AB00630367 /* LoginView.swift */; };
		1FB8BB992A5BB181002DED1F /* SemiCircleShape.swift in Sources */ = {isa = PBXBuildFile; fileRef = 1FB8BB982A5BB181002DED1F /* SemiCircleShape.swift */; };
		1FB8BB9B2A5BB1E4002DED1F /* RoundedCornersShape.swift in Sources */ = {isa = PBXBuildFile; fileRef = 1FB8BB9A2A5BB1E4002DED1F /* RoundedCornersShape.swift */; };
		1FB8BB9D2A5BC728002DED1F /* Colors.swift in Sources */ = {isa = PBXBuildFile; fileRef = 1FB8BB9C2A5BC728002DED1F /* Colors.swift */; };
		1FC94CBC2A5A1DB7005CA0B6 /* TextViewStyledButton.swift in Sources */ = {isa = PBXBuildFile; fileRef = 1FC94CBB2A5A1DB7005CA0B6 /* TextViewStyledButton.swift */; };
		1FC94CBF2A5A2CB7005CA0B6 /* MainView.swift in Sources */ = {isa = PBXBuildFile; fileRef = 1FC94CBE2A5A2CB7005CA0B6 /* MainView.swift */; };
		1FC94CC32A5A3732005CA0B6 /* LaunchScreen.storyboard in Resources */ = {isa = PBXBuildFile; fileRef = 1FC94CC22A5A3732005CA0B6 /* LaunchScreen.storyboard */; };
		1FC94CC52A5A4034005CA0B6 /* ViewModifiers.swift in Sources */ = {isa = PBXBuildFile; fileRef = 1FC94CC42A5A4034005CA0B6 /* ViewModifiers.swift */; };
		1FC94CC82A5A42B2005CA0B6 /* Views+Extensions.swift in Sources */ = {isa = PBXBuildFile; fileRef = 1FC94CC72A5A42B2005CA0B6 /* Views+Extensions.swift */; };
		1FC94CCA2A5A4588005CA0B6 /* Logs.swift in Sources */ = {isa = PBXBuildFile; fileRef = 1FC94CC92A5A4588005CA0B6 /* Logs.swift */; };
		1FC94CCE2A5A4B8F005CA0B6 /* TextTitleForm.swift in Sources */ = {isa = PBXBuildFile; fileRef = 1FC94CCD2A5A4B8F005CA0B6 /* TextTitleForm.swift */; };
		1FC94CD12A5A6E01005CA0B6 /* TabViewIcons.swift in Sources */ = {isa = PBXBuildFile; fileRef = 1FC94CD02A5A6E01005CA0B6 /* TabViewIcons.swift */; };
		1FE7C6752A47C7790070B988 /* Montserrat-Light.ttf in Resources */ = {isa = PBXBuildFile; fileRef = 1F9D79C02A47C09D00F55418 /* Montserrat-Light.ttf */; };
		1FE7C6762A47C77B0070B988 /* Montserrat-Regular.ttf in Resources */ = {isa = PBXBuildFile; fileRef = 1F9D79C12A47C09D00F55418 /* Montserrat-Regular.ttf */; };
		1FE7C6772A47C77D0070B988 /* Montserrat-SemiBold.ttf in Resources */ = {isa = PBXBuildFile; fileRef = 1F9D79C22A47C09D00F55418 /* Montserrat-SemiBold.ttf */; };
		1FE7C6782A47C77F0070B988 /* Montserrat-Thin.ttf in Resources */ = {isa = PBXBuildFile; fileRef = 1F9D79C32A47C09D00F55418 /* Montserrat-Thin.ttf */; };
		1FE7C6812A47DA1F0070B988 /* Colors+Extensions.swift in Sources */ = {isa = PBXBuildFile; fileRef = 1FE7C6802A47DA1F0070B988 /* Colors+Extensions.swift */; };
		1FE7C6832A47DDF40070B988 /* Radius.swift in Sources */ = {isa = PBXBuildFile; fileRef = 1FE7C6822A47DDF40070B988 /* Radius.swift */; };
		1FE7C6882A48027C0070B988 /* Images+Extensions.swift in Sources */ = {isa = PBXBuildFile; fileRef = 1FE7C6872A48027C0070B988 /* Images+Extensions.swift */; };
/* End PBXBuildFile section */

/* Begin PBXContainerItemProxy section */
		1F4C24902A47A6DC00CCAF6D /* PBXContainerItemProxy */ = {
			isa = PBXContainerItemProxy;
			containerPortal = 1F4C24772A47A6DA00CCAF6D /* Project object */;
			proxyType = 1;
			remoteGlobalIDString = 1F4C247E2A47A6DA00CCAF6D;
			remoteInfo = MySpend;
		};
		1F4C249A2A47A6DC00CCAF6D /* PBXContainerItemProxy */ = {
			isa = PBXContainerItemProxy;
			containerPortal = 1F4C24772A47A6DA00CCAF6D /* Project object */;
			proxyType = 1;
			remoteGlobalIDString = 1F4C247E2A47A6DA00CCAF6D;
			remoteInfo = MySpend;
		};
/* End PBXContainerItemProxy section */

/* Begin PBXFileReference section */
		1F1408182A58FB9400181500 /* ButtonPrimaryStyle.swift */ = {isa = PBXFileReference; lastKnownFileType = sourcecode.swift; path = ButtonPrimaryStyle.swift; sourceTree = "<group>"; };
		1F14081A2A590FC600181500 /* Animations.swift */ = {isa = PBXFileReference; lastKnownFileType = sourcecode.swift; path = Animations.swift; sourceTree = "<group>"; };
		1F14081C2A5910D300181500 /* ButtonLinkStyle.swift */ = {isa = PBXFileReference; lastKnownFileType = sourcecode.swift; path = ButtonLinkStyle.swift; sourceTree = "<group>"; };
		1F1408212A59254F00181500 /* RegisterView.swift */ = {isa = PBXFileReference; lastKnownFileType = sourcecode.swift; path = RegisterView.swift; sourceTree = "<group>"; };
		1F19D9632A4A583800137EA0 /* TextFieldIconStyle.swift */ = {isa = PBXFileReference; lastKnownFileType = sourcecode.swift; path = TextFieldIconStyle.swift; sourceTree = "<group>"; };
		1F19D9652A4A764B00137EA0 /* Frames.swift */ = {isa = PBXFileReference; lastKnownFileType = sourcecode.swift; path = Frames.swift; sourceTree = "<group>"; };
		1F19D9672A4A7A7000137EA0 /* Views.swift */ = {isa = PBXFileReference; lastKnownFileType = sourcecode.swift; path = Views.swift; sourceTree = "<group>"; };
		1F19D9692A4A933200137EA0 /* Shapes.swift */ = {isa = PBXFileReference; lastKnownFileType = sourcecode.swift; path = Shapes.swift; sourceTree = "<group>"; };
		1F19D96D2A4ACC3D00137EA0 /* Utils.swift */ = {isa = PBXFileReference; lastKnownFileType = sourcecode.swift; path = Utils.swift; sourceTree = "<group>"; };
		1F1E854B2A6F7AFD00CEEBBC /* SettingsView.swift */ = {isa = PBXFileReference; lastKnownFileType = sourcecode.swift; path = SettingsView.swift; sourceTree = "<group>"; };
		1F4C247F2A47A6DA00CCAF6D /* MySpend.app */ = {isa = PBXFileReference; explicitFileType = wrapper.application; includeInIndex = 0; path = MySpend.app; sourceTree = BUILT_PRODUCTS_DIR; };
		1F4C24822A47A6DA00CCAF6D /* MySpendApp.swift */ = {isa = PBXFileReference; lastKnownFileType = sourcecode.swift; path = MySpendApp.swift; sourceTree = "<group>"; };
		1F4C24862A47A6DC00CCAF6D /* Assets.xcassets */ = {isa = PBXFileReference; lastKnownFileType = folder.assetcatalog; path = Assets.xcassets; sourceTree = "<group>"; };
		1F4C24892A47A6DC00CCAF6D /* Preview Assets.xcassets */ = {isa = PBXFileReference; lastKnownFileType = folder.assetcatalog; path = "Preview Assets.xcassets"; sourceTree = "<group>"; };
		1F4C248F2A47A6DC00CCAF6D /* MySpendTests.xctest */ = {isa = PBXFileReference; explicitFileType = wrapper.cfbundle; includeInIndex = 0; path = MySpendTests.xctest; sourceTree = BUILT_PRODUCTS_DIR; };
		1F4C24932A47A6DC00CCAF6D /* MySpendTests.swift */ = {isa = PBXFileReference; lastKnownFileType = sourcecode.swift; path = MySpendTests.swift; sourceTree = "<group>"; };
		1F4C24992A47A6DC00CCAF6D /* MySpendUITests.xctest */ = {isa = PBXFileReference; explicitFileType = wrapper.cfbundle; includeInIndex = 0; path = MySpendUITests.xctest; sourceTree = BUILT_PRODUCTS_DIR; };
		1F4C249D2A47A6DC00CCAF6D /* MySpendUITests.swift */ = {isa = PBXFileReference; lastKnownFileType = sourcecode.swift; path = MySpendUITests.swift; sourceTree = "<group>"; };
		1F4C249F2A47A6DC00CCAF6D /* MySpendUITestsLaunchTests.swift */ = {isa = PBXFileReference; lastKnownFileType = sourcecode.swift; path = MySpendUITestsLaunchTests.swift; sourceTree = "<group>"; };
		1F5CC57B2A6648E400C214FE /* DividerView.swift */ = {isa = PBXFileReference; lastKnownFileType = sourcecode.swift; path = DividerView.swift; sourceTree = "<group>"; };
		1F5CC57D2A664EFB00C214FE /* TextFieldEmail.swift */ = {isa = PBXFileReference; lastKnownFileType = sourcecode.swift; path = TextFieldEmail.swift; sourceTree = "<group>"; };
		1F5CC57F2A6653AF00C214FE /* TextFieldPassword.swift */ = {isa = PBXFileReference; lastKnownFileType = sourcecode.swift; path = TextFieldPassword.swift; sourceTree = "<group>"; };
		1F5CC5812A6657F800C214FE /* TextFieldName.swift */ = {isa = PBXFileReference; lastKnownFileType = sourcecode.swift; path = TextFieldName.swift; sourceTree = "<group>"; };
		1F5CC5832A6662A200C214FE /* ButtonNavigationBack.swift */ = {isa = PBXFileReference; lastKnownFileType = sourcecode.swift; path = ButtonNavigationBack.swift; sourceTree = "<group>"; };
		1F6343FF2A47A8C400081BCD /* README.md */ = {isa = PBXFileReference; fileEncoding = 4; lastKnownFileType = net.daringfireball.markdown; name = README.md; path = ../README.md; sourceTree = "<group>"; };
		1F64B09C2A7089C5004AC825 /* SettingsOptions.swift */ = {isa = PBXFileReference; lastKnownFileType = sourcecode.swift; path = SettingsOptions.swift; sourceTree = "<group>"; };
		1F64B0A02A70AA94004AC825 /* ListContainer.swift */ = {isa = PBXFileReference; lastKnownFileType = sourcecode.swift; path = ListContainer.swift; sourceTree = "<group>"; };
		1F663B582A66460800FE70B1 /* PruebaNoMoverView.swift */ = {isa = PBXFileReference; lastKnownFileType = sourcecode.swift; path = PruebaNoMoverView.swift; sourceTree = "<group>"; };
		1F7437B32A668BCD0039EFD4 /* Gestures+Extensions.swift */ = {isa = PBXFileReference; lastKnownFileType = sourcecode.swift; path = "Gestures+Extensions.swift"; sourceTree = "<group>"; };
		1F7486B62A68C4250063AC35 /* TextError.swift */ = {isa = PBXFileReference; lastKnownFileType = sourcecode.swift; path = TextError.swift; sourceTree = "<group>"; };
		1F7486BA2A68D4A30063AC35 /* Fonts+Extensions.swift */ = {isa = PBXFileReference; lastKnownFileType = sourcecode.swift; path = "Fonts+Extensions.swift"; sourceTree = "<group>"; };
		1F7486BE2A68ECD90063AC35 /* FormContainer.swift */ = {isa = PBXFileReference; lastKnownFileType = sourcecode.swift; path = FormContainer.swift; sourceTree = "<group>"; };
		1F7486C22A6A3F770063AC35 /* ButtonRounded.swift */ = {isa = PBXFileReference; lastKnownFileType = sourcecode.swift; path = ButtonRounded.swift; sourceTree = "<group>"; };
		1F7486C62A6A57310063AC35 /* TabViewContainer.swift */ = {isa = PBXFileReference; lastKnownFileType = sourcecode.swift; path = TabViewContainer.swift; sourceTree = "<group>"; };
		1F7486C82A6A5DC90063AC35 /* ButtonScaleStyle.swift */ = {isa = PBXFileReference; lastKnownFileType = sourcecode.swift; path = ButtonScaleStyle.swift; sourceTree = "<group>"; };
		1F7486CA2A6F72D20063AC35 /* TabViewButton.swift */ = {isa = PBXFileReference; lastKnownFileType = sourcecode.swift; path = TabViewButton.swift; sourceTree = "<group>"; };
		1F9D79B22A47ABEA00F55418 /* GoogleService-Info.plist */ = {isa = PBXFileReference; fileEncoding = 4; lastKnownFileType = text.plist.xml; path = "GoogleService-Info.plist"; sourceTree = "<group>"; };
		1F9D79C02A47C09D00F55418 /* Montserrat-Light.ttf */ = {isa = PBXFileReference; lastKnownFileType = file; path = "Montserrat-Light.ttf"; sourceTree = "<group>"; };
		1F9D79C12A47C09D00F55418 /* Montserrat-Regular.ttf */ = {isa = PBXFileReference; lastKnownFileType = file; path = "Montserrat-Regular.ttf"; sourceTree = "<group>"; };
		1F9D79C22A47C09D00F55418 /* Montserrat-SemiBold.ttf */ = {isa = PBXFileReference; lastKnownFileType = file; path = "Montserrat-SemiBold.ttf"; sourceTree = "<group>"; };
		1F9D79C32A47C09D00F55418 /* Montserrat-Thin.ttf */ = {isa = PBXFileReference; lastKnownFileType = file; path = "Montserrat-Thin.ttf"; sourceTree = "<group>"; };
		1F9D79C42A47C0F000F55418 /* Info.plist */ = {isa = PBXFileReference; lastKnownFileType = text.plist.xml; path = Info.plist; sourceTree = "<group>"; };
		1FAEE6CF2A47A9AB00630367 /* LoginView.swift */ = {isa = PBXFileReference; lastKnownFileType = sourcecode.swift; path = LoginView.swift; sourceTree = "<group>"; };
		1FB8BB982A5BB181002DED1F /* SemiCircleShape.swift */ = {isa = PBXFileReference; lastKnownFileType = sourcecode.swift; path = SemiCircleShape.swift; sourceTree = "<group>"; };
		1FB8BB9A2A5BB1E4002DED1F /* RoundedCornersShape.swift */ = {isa = PBXFileReference; lastKnownFileType = sourcecode.swift; path = RoundedCornersShape.swift; sourceTree = "<group>"; };
		1FB8BB9C2A5BC728002DED1F /* Colors.swift */ = {isa = PBXFileReference; lastKnownFileType = sourcecode.swift; path = Colors.swift; sourceTree = "<group>"; };
		1FC94CBB2A5A1DB7005CA0B6 /* TextViewStyledButton.swift */ = {isa = PBXFileReference; lastKnownFileType = sourcecode.swift; path = TextViewStyledButton.swift; sourceTree = "<group>"; };
		1FC94CBE2A5A2CB7005CA0B6 /* MainView.swift */ = {isa = PBXFileReference; lastKnownFileType = sourcecode.swift; path = MainView.swift; sourceTree = "<group>"; };
		1FC94CC22A5A3732005CA0B6 /* LaunchScreen.storyboard */ = {isa = PBXFileReference; lastKnownFileType = file.storyboard; path = LaunchScreen.storyboard; sourceTree = "<group>"; };
		1FC94CC42A5A4034005CA0B6 /* ViewModifiers.swift */ = {isa = PBXFileReference; lastKnownFileType = sourcecode.swift; path = ViewModifiers.swift; sourceTree = "<group>"; };
		1FC94CC72A5A42B2005CA0B6 /* Views+Extensions.swift */ = {isa = PBXFileReference; lastKnownFileType = sourcecode.swift; path = "Views+Extensions.swift"; sourceTree = "<group>"; };
		1FC94CC92A5A4588005CA0B6 /* Logs.swift */ = {isa = PBXFileReference; lastKnownFileType = sourcecode.swift; path = Logs.swift; sourceTree = "<group>"; };
		1FC94CCD2A5A4B8F005CA0B6 /* TextTitleForm.swift */ = {isa = PBXFileReference; lastKnownFileType = sourcecode.swift; path = TextTitleForm.swift; sourceTree = "<group>"; };
		1FC94CD02A5A6E01005CA0B6 /* TabViewIcons.swift */ = {isa = PBXFileReference; lastKnownFileType = sourcecode.swift; path = TabViewIcons.swift; sourceTree = "<group>"; };
		1FE7C6802A47DA1F0070B988 /* Colors+Extensions.swift */ = {isa = PBXFileReference; lastKnownFileType = sourcecode.swift; path = "Colors+Extensions.swift"; sourceTree = "<group>"; };
		1FE7C6822A47DDF40070B988 /* Radius.swift */ = {isa = PBXFileReference; lastKnownFileType = sourcecode.swift; path = Radius.swift; sourceTree = "<group>"; };
		1FE7C6872A48027C0070B988 /* Images+Extensions.swift */ = {isa = PBXFileReference; lastKnownFileType = sourcecode.swift; path = "Images+Extensions.swift"; sourceTree = "<group>"; };
/* End PBXFileReference section */

/* Begin PBXFrameworksBuildPhase section */
		1F4C247C2A47A6DA00CCAF6D /* Frameworks */ = {
			isa = PBXFrameworksBuildPhase;
			buildActionMask = 2147483647;
			files = (
				1F9D79BA2A47AD4300F55418 /* FirebaseCrashlytics in Frameworks */,
				1F9D79BC2A47AD4300F55418 /* FirebaseFirestore in Frameworks */,
				1F9D79B62A47AD4300F55418 /* FirebaseAnalytics in Frameworks */,
				1F9D79B82A47AD4300F55418 /* FirebaseAuth in Frameworks */,
			);
			runOnlyForDeploymentPostprocessing = 0;
		};
		1F4C248C2A47A6DC00CCAF6D /* Frameworks */ = {
			isa = PBXFrameworksBuildPhase;
			buildActionMask = 2147483647;
			files = (
			);
			runOnlyForDeploymentPostprocessing = 0;
		};
		1F4C24962A47A6DC00CCAF6D /* Frameworks */ = {
			isa = PBXFrameworksBuildPhase;
			buildActionMask = 2147483647;
			files = (
			);
			runOnlyForDeploymentPostprocessing = 0;
		};
/* End PBXFrameworksBuildPhase section */

/* Begin PBXGroup section */
		1F1408172A58FB8200181500 /* Styles */ = {
			isa = PBXGroup;
			children = (
				1F1408182A58FB9400181500 /* ButtonPrimaryStyle.swift */,
				1F14081C2A5910D300181500 /* ButtonLinkStyle.swift */,
				1F7486C82A6A5DC90063AC35 /* ButtonScaleStyle.swift */,
			);
			path = Styles;
			sourceTree = "<group>";
		};
		1F1408202A59253A00181500 /* Register */ = {
			isa = PBXGroup;
			children = (
				1F1408212A59254F00181500 /* RegisterView.swift */,
			);
			path = Register;
			sourceTree = "<group>";
		};
		1F19D9622A4A57E900137EA0 /* Styles */ = {
			isa = PBXGroup;
			children = (
				1F19D9632A4A583800137EA0 /* TextFieldIconStyle.swift */,
			);
			path = Styles;
			sourceTree = "<group>";
		};
		1F19D96B2A4ACC2C00137EA0 /* Utils */ = {
			isa = PBXGroup;
			children = (
				1F19D96D2A4ACC3D00137EA0 /* Utils.swift */,
				1FC94CC92A5A4588005CA0B6 /* Logs.swift */,
			);
			path = Utils;
			sourceTree = "<group>";
		};
		1F1E85492A6F7AB400CEEBBC /* MainView */ = {
			isa = PBXGroup;
			children = (
				1FC94CBE2A5A2CB7005CA0B6 /* MainView.swift */,
			);
			path = MainView;
			sourceTree = "<group>";
		};
		1F1E854A2A6F7ADF00CEEBBC /* Settings */ = {
			isa = PBXGroup;
			children = (
				1F1E854B2A6F7AFD00CEEBBC /* SettingsView.swift */,
				1F64B09C2A7089C5004AC825 /* SettingsOptions.swift */,
			);
			path = Settings;
			sourceTree = "<group>";
		};
		1F4C24762A47A6DA00CCAF6D = {
			isa = PBXGroup;
			children = (
				1F6343FF2A47A8C400081BCD /* README.md */,
				1F4C24812A47A6DA00CCAF6D /* MySpend */,
				1F4C24922A47A6DC00CCAF6D /* MySpendTests */,
				1F4C249C2A47A6DC00CCAF6D /* MySpendUITests */,
				1F4C24802A47A6DA00CCAF6D /* Products */,
			);
			sourceTree = "<group>";
		};
		1F4C24802A47A6DA00CCAF6D /* Products */ = {
			isa = PBXGroup;
			children = (
				1F4C247F2A47A6DA00CCAF6D /* MySpend.app */,
				1F4C248F2A47A6DC00CCAF6D /* MySpendTests.xctest */,
				1F4C24992A47A6DC00CCAF6D /* MySpendUITests.xctest */,
			);
			name = Products;
			sourceTree = "<group>";
		};
		1F4C24812A47A6DA00CCAF6D /* MySpend */ = {
			isa = PBXGroup;
			children = (
				1FC94CC62A5A4185005CA0B6 /* Extensions */,
				1F19D96B2A4ACC2C00137EA0 /* Utils */,
				1FE7C67F2A47DA0B0070B988 /* Constants */,
				1F9D79BE2A47C08200F55418 /* Resources */,
				1FC94CCB2A5A45C6005CA0B6 /* Presentation */,
				1F4C24822A47A6DA00CCAF6D /* MySpendApp.swift */,
				1F4C24862A47A6DC00CCAF6D /* Assets.xcassets */,
				1F9D79C42A47C0F000F55418 /* Info.plist */,
				1F9D79B22A47ABEA00F55418 /* GoogleService-Info.plist */,
				1F4C24882A47A6DC00CCAF6D /* Preview Content */,
				1FC94CC22A5A3732005CA0B6 /* LaunchScreen.storyboard */,
			);
			path = MySpend;
			sourceTree = "<group>";
		};
		1F4C24882A47A6DC00CCAF6D /* Preview Content */ = {
			isa = PBXGroup;
			children = (
				1F4C24892A47A6DC00CCAF6D /* Preview Assets.xcassets */,
			);
			path = "Preview Content";
			sourceTree = "<group>";
		};
		1F4C24922A47A6DC00CCAF6D /* MySpendTests */ = {
			isa = PBXGroup;
			children = (
				1F4C24932A47A6DC00CCAF6D /* MySpendTests.swift */,
			);
			path = MySpendTests;
			sourceTree = "<group>";
		};
		1F4C249C2A47A6DC00CCAF6D /* MySpendUITests */ = {
			isa = PBXGroup;
			children = (
				1F4C249D2A47A6DC00CCAF6D /* MySpendUITests.swift */,
				1F4C249F2A47A6DC00CCAF6D /* MySpendUITestsLaunchTests.swift */,
			);
			path = MySpendUITests;
			sourceTree = "<group>";
		};
		1F5CC57A2A6648D000C214FE /* Views */ = {
			isa = PBXGroup;
			children = (
				1F5CC57B2A6648E400C214FE /* DividerView.swift */,
			);
			path = Views;
			sourceTree = "<group>";
		};
		1F7486CC2A6F78D10063AC35 /* Containers */ = {
			isa = PBXGroup;
			children = (
				1F7486BE2A68ECD90063AC35 /* FormContainer.swift */,
				1F7486C62A6A57310063AC35 /* TabViewContainer.swift */,
				1F64B0A02A70AA94004AC825 /* ListContainer.swift */,
			);
			path = Containers;
			sourceTree = "<group>";
		};
		1F9D79BE2A47C08200F55418 /* Resources */ = {
			isa = PBXGroup;
			children = (
				1F9D79BF2A47C08C00F55418 /* Fonts */,
			);
			path = Resources;
			sourceTree = "<group>";
		};
		1F9D79BF2A47C08C00F55418 /* Fonts */ = {
			isa = PBXGroup;
			children = (
				1F9D79C02A47C09D00F55418 /* Montserrat-Light.ttf */,
				1F9D79C12A47C09D00F55418 /* Montserrat-Regular.ttf */,
				1F9D79C22A47C09D00F55418 /* Montserrat-SemiBold.ttf */,
				1F9D79C32A47C09D00F55418 /* Montserrat-Thin.ttf */,
			);
			path = Fonts;
			sourceTree = "<group>";
		};
		1F9D79C52A47C22600F55418 /* Styles */ = {
			isa = PBXGroup;
			children = (
				1FC94CC42A5A4034005CA0B6 /* ViewModifiers.swift */,
			);
			path = Styles;
			sourceTree = "<group>";
		};
		1FAEE6CE2A47A9A200630367 /* Login */ = {
			isa = PBXGroup;
			children = (
				1FAEE6CF2A47A9AB00630367 /* LoginView.swift */,
				1F663B582A66460800FE70B1 /* PruebaNoMoverView.swift */,
			);
			path = Login;
			sourceTree = "<group>";
		};
		1FB8BB972A5BB16C002DED1F /* Shapes */ = {
			isa = PBXGroup;
			children = (
				1FB8BB982A5BB181002DED1F /* SemiCircleShape.swift */,
				1FB8BB9A2A5BB1E4002DED1F /* RoundedCornersShape.swift */,
			);
			path = Shapes;
			sourceTree = "<group>";
		};
		1FC94CBA2A5A1D91005CA0B6 /* Texts */ = {
			isa = PBXGroup;
			children = (
				1FC94CBB2A5A1DB7005CA0B6 /* TextViewStyledButton.swift */,
				1FC94CCD2A5A4B8F005CA0B6 /* TextTitleForm.swift */,
				1F7486B62A68C4250063AC35 /* TextError.swift */,
			);
			path = Texts;
			sourceTree = "<group>";
		};
		1FC94CBD2A5A2CA4005CA0B6 /* Main */ = {
			isa = PBXGroup;
			children = (
				1F1E85492A6F7AB400CEEBBC /* MainView */,
				1F1E854A2A6F7ADF00CEEBBC /* Settings */,
			);
			path = Main;
			sourceTree = "<group>";
		};
		1FC94CC62A5A4185005CA0B6 /* Extensions */ = {
			isa = PBXGroup;
			children = (
				1FE7C6872A48027C0070B988 /* Images+Extensions.swift */,
				1FE7C6802A47DA1F0070B988 /* Colors+Extensions.swift */,
				1FC94CC72A5A42B2005CA0B6 /* Views+Extensions.swift */,
				1F7437B32A668BCD0039EFD4 /* Gestures+Extensions.swift */,
				1F7486BA2A68D4A30063AC35 /* Fonts+Extensions.swift */,
			);
			path = Extensions;
			sourceTree = "<group>";
		};
		1FC94CCB2A5A45C6005CA0B6 /* Presentation */ = {
			isa = PBXGroup;
			children = (
				1F7486CC2A6F78D10063AC35 /* Containers */,
				1FB8BB972A5BB16C002DED1F /* Shapes */,
				1FC94CCC2A5A4619005CA0B6 /* Scenes */,
				1FE7C67B2A47D6EA0070B988 /* Components */,
				1F9D79C52A47C22600F55418 /* Styles */,
			);
			path = Presentation;
			sourceTree = "<group>";
		};
		1FC94CCC2A5A4619005CA0B6 /* Scenes */ = {
			isa = PBXGroup;
			children = (
				1FAEE6CE2A47A9A200630367 /* Login */,
				1F1408202A59253A00181500 /* Register */,
				1FC94CBD2A5A2CA4005CA0B6 /* Main */,
			);
			path = Scenes;
			sourceTree = "<group>";
		};
		1FC94CCF2A5A6DEE005CA0B6 /* TabView */ = {
			isa = PBXGroup;
			children = (
				1FC94CD02A5A6E01005CA0B6 /* TabViewIcons.swift */,
				1F7486CA2A6F72D20063AC35 /* TabViewButton.swift */,
			);
			path = TabView;
			sourceTree = "<group>";
		};
		1FE7C67B2A47D6EA0070B988 /* Components */ = {
			isa = PBXGroup;
			children = (
				1F5CC57A2A6648D000C214FE /* Views */,
				1FC94CCF2A5A6DEE005CA0B6 /* TabView */,
				1FC94CBA2A5A1D91005CA0B6 /* Texts */,
				1FE7C6862A47EEBE0070B988 /* TextFields */,
				1FE7C67C2A47D6F30070B988 /* Buttons */,
			);
			path = Components;
			sourceTree = "<group>";
		};
		1FE7C67C2A47D6F30070B988 /* Buttons */ = {
			isa = PBXGroup;
			children = (
				1F1408172A58FB8200181500 /* Styles */,
				1F5CC5832A6662A200C214FE /* ButtonNavigationBack.swift */,
				1F7486C22A6A3F770063AC35 /* ButtonRounded.swift */,
			);
			path = Buttons;
			sourceTree = "<group>";
		};
		1FE7C67F2A47DA0B0070B988 /* Constants */ = {
			isa = PBXGroup;
			children = (
				1FE7C6822A47DDF40070B988 /* Radius.swift */,
				1F19D9652A4A764B00137EA0 /* Frames.swift */,
				1F19D9672A4A7A7000137EA0 /* Views.swift */,
				1F19D9692A4A933200137EA0 /* Shapes.swift */,
				1F14081A2A590FC600181500 /* Animations.swift */,
				1FB8BB9C2A5BC728002DED1F /* Colors.swift */,
			);
			path = Constants;
			sourceTree = "<group>";
		};
		1FE7C6862A47EEBE0070B988 /* TextFields */ = {
			isa = PBXGroup;
			children = (
				1F19D9622A4A57E900137EA0 /* Styles */,
				1F5CC57D2A664EFB00C214FE /* TextFieldEmail.swift */,
				1F5CC57F2A6653AF00C214FE /* TextFieldPassword.swift */,
				1F5CC5812A6657F800C214FE /* TextFieldName.swift */,
			);
			path = TextFields;
			sourceTree = "<group>";
		};
/* End PBXGroup section */

/* Begin PBXNativeTarget section */
		1F4C247E2A47A6DA00CCAF6D /* MySpend */ = {
			isa = PBXNativeTarget;
			buildConfigurationList = 1F4C24A32A47A6DC00CCAF6D /* Build configuration list for PBXNativeTarget "MySpend" */;
			buildPhases = (
				1F4C247B2A47A6DA00CCAF6D /* Sources */,
				1F4C247C2A47A6DA00CCAF6D /* Frameworks */,
				1F4C247D2A47A6DA00CCAF6D /* Resources */,
				1F9D79BD2A47B75800F55418 /* ShellScript */,
			);
			buildRules = (
			);
			dependencies = (
			);
			name = MySpend;
			packageProductDependencies = (
				1F9D79B52A47AD4300F55418 /* FirebaseAnalytics */,
				1F9D79B72A47AD4300F55418 /* FirebaseAuth */,
				1F9D79B92A47AD4300F55418 /* FirebaseCrashlytics */,
				1F9D79BB2A47AD4300F55418 /* FirebaseFirestore */,
			);
			productName = MySpend;
			productReference = 1F4C247F2A47A6DA00CCAF6D /* MySpend.app */;
			productType = "com.apple.product-type.application";
		};
		1F4C248E2A47A6DC00CCAF6D /* MySpendTests */ = {
			isa = PBXNativeTarget;
			buildConfigurationList = 1F4C24A62A47A6DC00CCAF6D /* Build configuration list for PBXNativeTarget "MySpendTests" */;
			buildPhases = (
				1F4C248B2A47A6DC00CCAF6D /* Sources */,
				1F4C248C2A47A6DC00CCAF6D /* Frameworks */,
				1F4C248D2A47A6DC00CCAF6D /* Resources */,
			);
			buildRules = (
			);
			dependencies = (
				1F4C24912A47A6DC00CCAF6D /* PBXTargetDependency */,
			);
			name = MySpendTests;
			productName = MySpendTests;
			productReference = 1F4C248F2A47A6DC00CCAF6D /* MySpendTests.xctest */;
			productType = "com.apple.product-type.bundle.unit-test";
		};
		1F4C24982A47A6DC00CCAF6D /* MySpendUITests */ = {
			isa = PBXNativeTarget;
			buildConfigurationList = 1F4C24A92A47A6DC00CCAF6D /* Build configuration list for PBXNativeTarget "MySpendUITests" */;
			buildPhases = (
				1F4C24952A47A6DC00CCAF6D /* Sources */,
				1F4C24962A47A6DC00CCAF6D /* Frameworks */,
				1F4C24972A47A6DC00CCAF6D /* Resources */,
			);
			buildRules = (
			);
			dependencies = (
				1F4C249B2A47A6DC00CCAF6D /* PBXTargetDependency */,
			);
			name = MySpendUITests;
			productName = MySpendUITests;
			productReference = 1F4C24992A47A6DC00CCAF6D /* MySpendUITests.xctest */;
			productType = "com.apple.product-type.bundle.ui-testing";
		};
/* End PBXNativeTarget section */

/* Begin PBXProject section */
		1F4C24772A47A6DA00CCAF6D /* Project object */ = {
			isa = PBXProject;
			attributes = {
				BuildIndependentTargetsInParallel = 1;
				LastSwiftUpdateCheck = 1430;
				LastUpgradeCheck = 1430;
				TargetAttributes = {
					1F4C247E2A47A6DA00CCAF6D = {
						CreatedOnToolsVersion = 14.3.1;
					};
					1F4C248E2A47A6DC00CCAF6D = {
						CreatedOnToolsVersion = 14.3.1;
						TestTargetID = 1F4C247E2A47A6DA00CCAF6D;
					};
					1F4C24982A47A6DC00CCAF6D = {
						CreatedOnToolsVersion = 14.3.1;
						TestTargetID = 1F4C247E2A47A6DA00CCAF6D;
					};
				};
			};
			buildConfigurationList = 1F4C247A2A47A6DA00CCAF6D /* Build configuration list for PBXProject "MySpend" */;
			compatibilityVersion = "Xcode 14.0";
			developmentRegion = en;
			hasScannedForEncodings = 0;
			knownRegions = (
				en,
				Base,
			);
			mainGroup = 1F4C24762A47A6DA00CCAF6D;
			packageReferences = (
				1F9D79B42A47AD4300F55418 /* XCRemoteSwiftPackageReference "firebase-ios-sdk" */,
			);
			productRefGroup = 1F4C24802A47A6DA00CCAF6D /* Products */;
			projectDirPath = "";
			projectRoot = "";
			targets = (
				1F4C247E2A47A6DA00CCAF6D /* MySpend */,
				1F4C248E2A47A6DC00CCAF6D /* MySpendTests */,
				1F4C24982A47A6DC00CCAF6D /* MySpendUITests */,
			);
		};
/* End PBXProject section */

/* Begin PBXResourcesBuildPhase section */
		1F4C247D2A47A6DA00CCAF6D /* Resources */ = {
			isa = PBXResourcesBuildPhase;
			buildActionMask = 2147483647;
			files = (
				1FC94CC32A5A3732005CA0B6 /* LaunchScreen.storyboard in Resources */,
				1FE7C6762A47C77B0070B988 /* Montserrat-Regular.ttf in Resources */,
				1FE7C6752A47C7790070B988 /* Montserrat-Light.ttf in Resources */,
				1F6344002A47A8C400081BCD /* README.md in Resources */,
				1FE7C6772A47C77D0070B988 /* Montserrat-SemiBold.ttf in Resources */,
				1F9D79B32A47ABEA00F55418 /* GoogleService-Info.plist in Resources */,
				1F4C248A2A47A6DC00CCAF6D /* Preview Assets.xcassets in Resources */,
				1FE7C6782A47C77F0070B988 /* Montserrat-Thin.ttf in Resources */,
				1F4C24872A47A6DC00CCAF6D /* Assets.xcassets in Resources */,
			);
			runOnlyForDeploymentPostprocessing = 0;
		};
		1F4C248D2A47A6DC00CCAF6D /* Resources */ = {
			isa = PBXResourcesBuildPhase;
			buildActionMask = 2147483647;
			files = (
			);
			runOnlyForDeploymentPostprocessing = 0;
		};
		1F4C24972A47A6DC00CCAF6D /* Resources */ = {
			isa = PBXResourcesBuildPhase;
			buildActionMask = 2147483647;
			files = (
			);
			runOnlyForDeploymentPostprocessing = 0;
		};
/* End PBXResourcesBuildPhase section */

/* Begin PBXShellScriptBuildPhase section */
		1F9D79BD2A47B75800F55418 /* ShellScript */ = {
			isa = PBXShellScriptBuildPhase;
			buildActionMask = 2147483647;
			files = (
			);
			inputFileListPaths = (
			);
			inputPaths = (
				"${DWARF_DSYM_FOLDER_PATH}/${DWARF_DSYM_FILE_NAME}/Contents/Resources/DWARF/${TARGET_NAME}",
				"$(SRCROOT)/$(BUILT_PRODUCTS_DIR)/$(INFOPLIST_PATH)",
			);
			outputFileListPaths = (
			);
			outputPaths = (
			);
			runOnlyForDeploymentPostprocessing = 0;
			shellPath = /bin/sh;
			shellScript = "# Type a script or drag a script file from your workspace to insert its path.\n\"${BUILD_DIR%/Build/*}/SourcePackages/checkouts/firebase-ios-sdk/Crashlytics/run\"\n";
		};
/* End PBXShellScriptBuildPhase section */

/* Begin PBXSourcesBuildPhase section */
		1F4C247B2A47A6DA00CCAF6D /* Sources */ = {
			isa = PBXSourcesBuildPhase;
			buildActionMask = 2147483647;
			files = (
				1F663B592A66460800FE70B1 /* PruebaNoMoverView.swift in Sources */,
				1F7486B72A68C4250063AC35 /* TextError.swift in Sources */,
				1FC94CC82A5A42B2005CA0B6 /* Views+Extensions.swift in Sources */,
				1F5CC57C2A6648E400C214FE /* DividerView.swift in Sources */,
				1FB8BB992A5BB181002DED1F /* SemiCircleShape.swift in Sources */,
				1FC94CBF2A5A2CB7005CA0B6 /* MainView.swift in Sources */,
				1F19D9682A4A7A7000137EA0 /* Views.swift in Sources */,
				1F19D96E2A4ACC3D00137EA0 /* Utils.swift in Sources */,
				1F7486C72A6A57310063AC35 /* TabViewContainer.swift in Sources */,
				1FE7C6812A47DA1F0070B988 /* Colors+Extensions.swift in Sources */,
				1FC94CCA2A5A4588005CA0B6 /* Logs.swift in Sources */,
				1F1408192A58FB9400181500 /* ButtonPrimaryStyle.swift in Sources */,
				1F1E854C2A6F7AFD00CEEBBC /* SettingsView.swift in Sources */,
				1FAEE6D02A47A9AB00630367 /* LoginView.swift in Sources */,
				1F14081B2A590FC600181500 /* Animations.swift in Sources */,
				1FE7C6832A47DDF40070B988 /* Radius.swift in Sources */,
				1FC94CC52A5A4034005CA0B6 /* ViewModifiers.swift in Sources */,
				1FE7C6882A48027C0070B988 /* Images+Extensions.swift in Sources */,
				1F19D9642A4A583800137EA0 /* TextFieldIconStyle.swift in Sources */,
				1F5CC5842A6662A200C214FE /* ButtonNavigationBack.swift in Sources */,
				1FC94CBC2A5A1DB7005CA0B6 /* TextViewStyledButton.swift in Sources */,
				1F7486BF2A68ECD90063AC35 /* FormContainer.swift in Sources */,
				1FC94CD12A5A6E01005CA0B6 /* TabViewIcons.swift in Sources */,
				1F19D96A2A4A933200137EA0 /* Shapes.swift in Sources */,
				1F14081D2A5910D300181500 /* ButtonLinkStyle.swift in Sources */,
				1F5CC5822A6657F800C214FE /* TextFieldName.swift in Sources */,
				1F7486BB2A68D4A30063AC35 /* Fonts+Extensions.swift in Sources */,
				1F5CC5802A6653AF00C214FE /* TextFieldPassword.swift in Sources */,
				1F1408222A59254F00181500 /* RegisterView.swift in Sources */,
				1F64B09D2A7089C5004AC825 /* SettingsOptions.swift in Sources */,
				1FB8BB9D2A5BC728002DED1F /* Colors.swift in Sources */,
				1F7437B42A668BCD0039EFD4 /* Gestures+Extensions.swift in Sources */,
				1F7486C32A6A3F770063AC35 /* ButtonRounded.swift in Sources */,
				1F5CC57E2A664EFB00C214FE /* TextFieldEmail.swift in Sources */,
				1F7486C92A6A5DC90063AC35 /* ButtonScaleStyle.swift in Sources */,
				1F4C24832A47A6DA00CCAF6D /* MySpendApp.swift in Sources */,
				1FB8BB9B2A5BB1E4002DED1F /* RoundedCornersShape.swift in Sources */,
				1F64B0A12A70AA94004AC825 /* ListContainer.swift in Sources */,
				1F7486CB2A6F72D20063AC35 /* TabViewButton.swift in Sources */,
				1F19D9662A4A764B00137EA0 /* Frames.swift in Sources */,
				1FC94CCE2A5A4B8F005CA0B6 /* TextTitleForm.swift in Sources */,
			);
			runOnlyForDeploymentPostprocessing = 0;
		};
		1F4C248B2A47A6DC00CCAF6D /* Sources */ = {
			isa = PBXSourcesBuildPhase;
			buildActionMask = 2147483647;
			files = (
				1F4C24942A47A6DC00CCAF6D /* MySpendTests.swift in Sources */,
			);
			runOnlyForDeploymentPostprocessing = 0;
		};
		1F4C24952A47A6DC00CCAF6D /* Sources */ = {
			isa = PBXSourcesBuildPhase;
			buildActionMask = 2147483647;
			files = (
				1F4C249E2A47A6DC00CCAF6D /* MySpendUITests.swift in Sources */,
				1F4C24A02A47A6DC00CCAF6D /* MySpendUITestsLaunchTests.swift in Sources */,
			);
			runOnlyForDeploymentPostprocessing = 0;
		};
/* End PBXSourcesBuildPhase section */

/* Begin PBXTargetDependency section */
		1F4C24912A47A6DC00CCAF6D /* PBXTargetDependency */ = {
			isa = PBXTargetDependency;
			target = 1F4C247E2A47A6DA00CCAF6D /* MySpend */;
			targetProxy = 1F4C24902A47A6DC00CCAF6D /* PBXContainerItemProxy */;
		};
		1F4C249B2A47A6DC00CCAF6D /* PBXTargetDependency */ = {
			isa = PBXTargetDependency;
			target = 1F4C247E2A47A6DA00CCAF6D /* MySpend */;
			targetProxy = 1F4C249A2A47A6DC00CCAF6D /* PBXContainerItemProxy */;
		};
/* End PBXTargetDependency section */

/* Begin XCBuildConfiguration section */
		1F4C24A12A47A6DC00CCAF6D /* Debug */ = {
			isa = XCBuildConfiguration;
			buildSettings = {
				ALWAYS_SEARCH_USER_PATHS = NO;
				CLANG_ANALYZER_NONNULL = YES;
				CLANG_ANALYZER_NUMBER_OBJECT_CONVERSION = YES_AGGRESSIVE;
				CLANG_CXX_LANGUAGE_STANDARD = "gnu++20";
				CLANG_ENABLE_MODULES = YES;
				CLANG_ENABLE_OBJC_ARC = YES;
				CLANG_ENABLE_OBJC_WEAK = YES;
				CLANG_WARN_BLOCK_CAPTURE_AUTORELEASING = YES;
				CLANG_WARN_BOOL_CONVERSION = YES;
				CLANG_WARN_COMMA = YES;
				CLANG_WARN_CONSTANT_CONVERSION = YES;
				CLANG_WARN_DEPRECATED_OBJC_IMPLEMENTATIONS = YES;
				CLANG_WARN_DIRECT_OBJC_ISA_USAGE = YES_ERROR;
				CLANG_WARN_DOCUMENTATION_COMMENTS = YES;
				CLANG_WARN_EMPTY_BODY = YES;
				CLANG_WARN_ENUM_CONVERSION = YES;
				CLANG_WARN_INFINITE_RECURSION = YES;
				CLANG_WARN_INT_CONVERSION = YES;
				CLANG_WARN_NON_LITERAL_NULL_CONVERSION = YES;
				CLANG_WARN_OBJC_IMPLICIT_RETAIN_SELF = YES;
				CLANG_WARN_OBJC_LITERAL_CONVERSION = YES;
				CLANG_WARN_OBJC_ROOT_CLASS = YES_ERROR;
				CLANG_WARN_QUOTED_INCLUDE_IN_FRAMEWORK_HEADER = YES;
				CLANG_WARN_RANGE_LOOP_ANALYSIS = YES;
				CLANG_WARN_STRICT_PROTOTYPES = YES;
				CLANG_WARN_SUSPICIOUS_MOVE = YES;
				CLANG_WARN_UNGUARDED_AVAILABILITY = YES_AGGRESSIVE;
				CLANG_WARN_UNREACHABLE_CODE = YES;
				CLANG_WARN__DUPLICATE_METHOD_MATCH = YES;
				COPY_PHASE_STRIP = NO;
				DEBUG_INFORMATION_FORMAT = dwarf;
				ENABLE_STRICT_OBJC_MSGSEND = YES;
				ENABLE_TESTABILITY = YES;
				GCC_C_LANGUAGE_STANDARD = gnu11;
				GCC_DYNAMIC_NO_PIC = NO;
				GCC_NO_COMMON_BLOCKS = YES;
				GCC_OPTIMIZATION_LEVEL = 0;
				GCC_PREPROCESSOR_DEFINITIONS = (
					"DEBUG=1",
					"$(inherited)",
				);
				GCC_WARN_64_TO_32_BIT_CONVERSION = YES;
				GCC_WARN_ABOUT_RETURN_TYPE = YES_ERROR;
				GCC_WARN_UNDECLARED_SELECTOR = YES;
				GCC_WARN_UNINITIALIZED_AUTOS = YES_AGGRESSIVE;
				GCC_WARN_UNUSED_FUNCTION = YES;
				GCC_WARN_UNUSED_VARIABLE = YES;
				IPHONEOS_DEPLOYMENT_TARGET = 16.4;
				MTL_ENABLE_DEBUG_INFO = INCLUDE_SOURCE;
				MTL_FAST_MATH = YES;
				ONLY_ACTIVE_ARCH = YES;
				SDKROOT = iphoneos;
				SWIFT_ACTIVE_COMPILATION_CONDITIONS = DEBUG;
				SWIFT_OPTIMIZATION_LEVEL = "-Onone";
			};
			name = Debug;
		};
		1F4C24A22A47A6DC00CCAF6D /* Release */ = {
			isa = XCBuildConfiguration;
			buildSettings = {
				ALWAYS_SEARCH_USER_PATHS = NO;
				CLANG_ANALYZER_NONNULL = YES;
				CLANG_ANALYZER_NUMBER_OBJECT_CONVERSION = YES_AGGRESSIVE;
				CLANG_CXX_LANGUAGE_STANDARD = "gnu++20";
				CLANG_ENABLE_MODULES = YES;
				CLANG_ENABLE_OBJC_ARC = YES;
				CLANG_ENABLE_OBJC_WEAK = YES;
				CLANG_WARN_BLOCK_CAPTURE_AUTORELEASING = YES;
				CLANG_WARN_BOOL_CONVERSION = YES;
				CLANG_WARN_COMMA = YES;
				CLANG_WARN_CONSTANT_CONVERSION = YES;
				CLANG_WARN_DEPRECATED_OBJC_IMPLEMENTATIONS = YES;
				CLANG_WARN_DIRECT_OBJC_ISA_USAGE = YES_ERROR;
				CLANG_WARN_DOCUMENTATION_COMMENTS = YES;
				CLANG_WARN_EMPTY_BODY = YES;
				CLANG_WARN_ENUM_CONVERSION = YES;
				CLANG_WARN_INFINITE_RECURSION = YES;
				CLANG_WARN_INT_CONVERSION = YES;
				CLANG_WARN_NON_LITERAL_NULL_CONVERSION = YES;
				CLANG_WARN_OBJC_IMPLICIT_RETAIN_SELF = YES;
				CLANG_WARN_OBJC_LITERAL_CONVERSION = YES;
				CLANG_WARN_OBJC_ROOT_CLASS = YES_ERROR;
				CLANG_WARN_QUOTED_INCLUDE_IN_FRAMEWORK_HEADER = YES;
				CLANG_WARN_RANGE_LOOP_ANALYSIS = YES;
				CLANG_WARN_STRICT_PROTOTYPES = YES;
				CLANG_WARN_SUSPICIOUS_MOVE = YES;
				CLANG_WARN_UNGUARDED_AVAILABILITY = YES_AGGRESSIVE;
				CLANG_WARN_UNREACHABLE_CODE = YES;
				CLANG_WARN__DUPLICATE_METHOD_MATCH = YES;
				COPY_PHASE_STRIP = NO;
				DEBUG_INFORMATION_FORMAT = "dwarf-with-dsym";
				ENABLE_NS_ASSERTIONS = NO;
				ENABLE_STRICT_OBJC_MSGSEND = YES;
				GCC_C_LANGUAGE_STANDARD = gnu11;
				GCC_NO_COMMON_BLOCKS = YES;
				GCC_WARN_64_TO_32_BIT_CONVERSION = YES;
				GCC_WARN_ABOUT_RETURN_TYPE = YES_ERROR;
				GCC_WARN_UNDECLARED_SELECTOR = YES;
				GCC_WARN_UNINITIALIZED_AUTOS = YES_AGGRESSIVE;
				GCC_WARN_UNUSED_FUNCTION = YES;
				GCC_WARN_UNUSED_VARIABLE = YES;
				IPHONEOS_DEPLOYMENT_TARGET = 16.4;
				MTL_ENABLE_DEBUG_INFO = NO;
				MTL_FAST_MATH = YES;
				SDKROOT = iphoneos;
				SWIFT_COMPILATION_MODE = wholemodule;
				SWIFT_OPTIMIZATION_LEVEL = "-O";
				VALIDATE_PRODUCT = YES;
			};
			name = Release;
		};
		1F4C24A42A47A6DC00CCAF6D /* Debug */ = {
			isa = XCBuildConfiguration;
			buildSettings = {
				ASSETCATALOG_COMPILER_APPICON_NAME = AppIcon;
				ASSETCATALOG_COMPILER_GLOBAL_ACCENT_COLOR_NAME = AccentColor;
				ASSETCATALOG_COMPILER_INCLUDE_ALL_APPICON_ASSETS = NO;
				CODE_SIGN_STYLE = Automatic;
				CURRENT_PROJECT_VERSION = 1;
				DEBUG_INFORMATION_FORMAT = "dwarf-with-dsym";
				DEVELOPMENT_ASSET_PATHS = "\"MySpend/Preview Content\"";
				DEVELOPMENT_TEAM = RJNWKKQ88P;
				ENABLE_PREVIEWS = YES;
				GENERATE_INFOPLIST_FILE = YES;
				INFOPLIST_FILE = MySpend/Info.plist;
				INFOPLIST_KEY_CFBundleDisplayName = MySpend;
				INFOPLIST_KEY_LSApplicationCategoryType = "public.app-category.finance";
				INFOPLIST_KEY_UIApplicationSceneManifest_Generation = YES;
				INFOPLIST_KEY_UIApplicationSupportsIndirectInputEvents = YES;
				INFOPLIST_KEY_UILaunchScreen_Generation = YES;
				INFOPLIST_KEY_UILaunchStoryboardName = LaunchScreen.storyboard;
				INFOPLIST_KEY_UISupportedInterfaceOrientations = UIInterfaceOrientationPortrait;
				INFOPLIST_KEY_UISupportedInterfaceOrientations_iPad = "UIInterfaceOrientationPortrait UIInterfaceOrientationPortraitUpsideDown";
				LD_RUNPATH_SEARCH_PATHS = (
					"$(inherited)",
					"@executable_path/Frameworks",
				);
				MARKETING_VERSION = 1.0;
				PRODUCT_BUNDLE_IDENTIFIER = com.fabian.MySpend;
				PRODUCT_NAME = "$(TARGET_NAME)";
				SWIFT_EMIT_LOC_STRINGS = YES;
				SWIFT_VERSION = 5.0;
				TARGETED_DEVICE_FAMILY = "1,2";
			};
			name = Debug;
		};
		1F4C24A52A47A6DC00CCAF6D /* Release */ = {
			isa = XCBuildConfiguration;
			buildSettings = {
				ASSETCATALOG_COMPILER_APPICON_NAME = AppIcon;
				ASSETCATALOG_COMPILER_GLOBAL_ACCENT_COLOR_NAME = AccentColor;
				ASSETCATALOG_COMPILER_INCLUDE_ALL_APPICON_ASSETS = NO;
				CODE_SIGN_STYLE = Automatic;
				CURRENT_PROJECT_VERSION = 1;
				DEVELOPMENT_ASSET_PATHS = "\"MySpend/Preview Content\"";
				DEVELOPMENT_TEAM = RJNWKKQ88P;
				ENABLE_PREVIEWS = YES;
				GENERATE_INFOPLIST_FILE = YES;
				INFOPLIST_FILE = MySpend/Info.plist;
				INFOPLIST_KEY_CFBundleDisplayName = MySpend;
				INFOPLIST_KEY_LSApplicationCategoryType = "public.app-category.finance";
				INFOPLIST_KEY_UIApplicationSceneManifest_Generation = YES;
				INFOPLIST_KEY_UIApplicationSupportsIndirectInputEvents = YES;
				INFOPLIST_KEY_UILaunchScreen_Generation = YES;
				INFOPLIST_KEY_UILaunchStoryboardName = LaunchScreen.storyboard;
				INFOPLIST_KEY_UISupportedInterfaceOrientations = UIInterfaceOrientationPortrait;
				INFOPLIST_KEY_UISupportedInterfaceOrientations_iPad = "UIInterfaceOrientationPortrait UIInterfaceOrientationPortraitUpsideDown";
				LD_RUNPATH_SEARCH_PATHS = (
					"$(inherited)",
					"@executable_path/Frameworks",
				);
				MARKETING_VERSION = 1.0;
				PRODUCT_BUNDLE_IDENTIFIER = com.fabian.MySpend;
				PRODUCT_NAME = "$(TARGET_NAME)";
				SWIFT_EMIT_LOC_STRINGS = YES;
				SWIFT_VERSION = 5.0;
				TARGETED_DEVICE_FAMILY = "1,2";
			};
			name = Release;
		};
		1F4C24A72A47A6DC00CCAF6D /* Debug */ = {
			isa = XCBuildConfiguration;
			buildSettings = {
				ALWAYS_EMBED_SWIFT_STANDARD_LIBRARIES = YES;
				BUNDLE_LOADER = "$(TEST_HOST)";
				CODE_SIGN_STYLE = Automatic;
				CURRENT_PROJECT_VERSION = 1;
				DEVELOPMENT_TEAM = RJNWKKQ88P;
				GENERATE_INFOPLIST_FILE = YES;
				IPHONEOS_DEPLOYMENT_TARGET = 16.4;
				MARKETING_VERSION = 1.0;
				PRODUCT_BUNDLE_IDENTIFIER = com.fabian.MySpendTests;
				PRODUCT_NAME = "$(TARGET_NAME)";
				SWIFT_EMIT_LOC_STRINGS = NO;
				SWIFT_VERSION = 5.0;
				TARGETED_DEVICE_FAMILY = "1,2";
				TEST_HOST = "$(BUILT_PRODUCTS_DIR)/MySpend.app/$(BUNDLE_EXECUTABLE_FOLDER_PATH)/MySpend";
			};
			name = Debug;
		};
		1F4C24A82A47A6DC00CCAF6D /* Release */ = {
			isa = XCBuildConfiguration;
			buildSettings = {
				ALWAYS_EMBED_SWIFT_STANDARD_LIBRARIES = YES;
				BUNDLE_LOADER = "$(TEST_HOST)";
				CODE_SIGN_STYLE = Automatic;
				CURRENT_PROJECT_VERSION = 1;
				DEVELOPMENT_TEAM = RJNWKKQ88P;
				GENERATE_INFOPLIST_FILE = YES;
				IPHONEOS_DEPLOYMENT_TARGET = 16.4;
				MARKETING_VERSION = 1.0;
				PRODUCT_BUNDLE_IDENTIFIER = com.fabian.MySpendTests;
				PRODUCT_NAME = "$(TARGET_NAME)";
				SWIFT_EMIT_LOC_STRINGS = NO;
				SWIFT_VERSION = 5.0;
				TARGETED_DEVICE_FAMILY = "1,2";
				TEST_HOST = "$(BUILT_PRODUCTS_DIR)/MySpend.app/$(BUNDLE_EXECUTABLE_FOLDER_PATH)/MySpend";
			};
			name = Release;
		};
		1F4C24AA2A47A6DC00CCAF6D /* Debug */ = {
			isa = XCBuildConfiguration;
			buildSettings = {
				ALWAYS_EMBED_SWIFT_STANDARD_LIBRARIES = YES;
				CODE_SIGN_STYLE = Automatic;
				CURRENT_PROJECT_VERSION = 1;
				DEVELOPMENT_TEAM = RJNWKKQ88P;
				GENERATE_INFOPLIST_FILE = YES;
				MARKETING_VERSION = 1.0;
				PRODUCT_BUNDLE_IDENTIFIER = com.fabian.MySpendUITests;
				PRODUCT_NAME = "$(TARGET_NAME)";
				SWIFT_EMIT_LOC_STRINGS = NO;
				SWIFT_VERSION = 5.0;
				TARGETED_DEVICE_FAMILY = "1,2";
				TEST_TARGET_NAME = MySpend;
			};
			name = Debug;
		};
		1F4C24AB2A47A6DC00CCAF6D /* Release */ = {
			isa = XCBuildConfiguration;
			buildSettings = {
				ALWAYS_EMBED_SWIFT_STANDARD_LIBRARIES = YES;
				CODE_SIGN_STYLE = Automatic;
				CURRENT_PROJECT_VERSION = 1;
				DEVELOPMENT_TEAM = RJNWKKQ88P;
				GENERATE_INFOPLIST_FILE = YES;
				MARKETING_VERSION = 1.0;
				PRODUCT_BUNDLE_IDENTIFIER = com.fabian.MySpendUITests;
				PRODUCT_NAME = "$(TARGET_NAME)";
				SWIFT_EMIT_LOC_STRINGS = NO;
				SWIFT_VERSION = 5.0;
				TARGETED_DEVICE_FAMILY = "1,2";
				TEST_TARGET_NAME = MySpend;
			};
			name = Release;
		};
/* End XCBuildConfiguration section */

/* Begin XCConfigurationList section */
		1F4C247A2A47A6DA00CCAF6D /* Build configuration list for PBXProject "MySpend" */ = {
			isa = XCConfigurationList;
			buildConfigurations = (
				1F4C24A12A47A6DC00CCAF6D /* Debug */,
				1F4C24A22A47A6DC00CCAF6D /* Release */,
			);
			defaultConfigurationIsVisible = 0;
			defaultConfigurationName = Release;
		};
		1F4C24A32A47A6DC00CCAF6D /* Build configuration list for PBXNativeTarget "MySpend" */ = {
			isa = XCConfigurationList;
			buildConfigurations = (
				1F4C24A42A47A6DC00CCAF6D /* Debug */,
				1F4C24A52A47A6DC00CCAF6D /* Release */,
			);
			defaultConfigurationIsVisible = 0;
			defaultConfigurationName = Release;
		};
		1F4C24A62A47A6DC00CCAF6D /* Build configuration list for PBXNativeTarget "MySpendTests" */ = {
			isa = XCConfigurationList;
			buildConfigurations = (
				1F4C24A72A47A6DC00CCAF6D /* Debug */,
				1F4C24A82A47A6DC00CCAF6D /* Release */,
			);
			defaultConfigurationIsVisible = 0;
			defaultConfigurationName = Release;
		};
		1F4C24A92A47A6DC00CCAF6D /* Build configuration list for PBXNativeTarget "MySpendUITests" */ = {
			isa = XCConfigurationList;
			buildConfigurations = (
				1F4C24AA2A47A6DC00CCAF6D /* Debug */,
				1F4C24AB2A47A6DC00CCAF6D /* Release */,
			);
			defaultConfigurationIsVisible = 0;
			defaultConfigurationName = Release;
		};
/* End XCConfigurationList section */

/* Begin XCRemoteSwiftPackageReference section */
		1F9D79B42A47AD4300F55418 /* XCRemoteSwiftPackageReference "firebase-ios-sdk" */ = {
			isa = XCRemoteSwiftPackageReference;
			repositoryURL = "https://github.com/firebase/firebase-ios-sdk.git";
			requirement = {
				kind = upToNextMajorVersion;
				minimumVersion = 10.0.0;
			};
		};
/* End XCRemoteSwiftPackageReference section */

/* Begin XCSwiftPackageProductDependency section */
		1F9D79B52A47AD4300F55418 /* FirebaseAnalytics */ = {
			isa = XCSwiftPackageProductDependency;
			package = 1F9D79B42A47AD4300F55418 /* XCRemoteSwiftPackageReference "firebase-ios-sdk" */;
			productName = FirebaseAnalytics;
		};
		1F9D79B72A47AD4300F55418 /* FirebaseAuth */ = {
			isa = XCSwiftPackageProductDependency;
			package = 1F9D79B42A47AD4300F55418 /* XCRemoteSwiftPackageReference "firebase-ios-sdk" */;
			productName = FirebaseAuth;
		};
		1F9D79B92A47AD4300F55418 /* FirebaseCrashlytics */ = {
			isa = XCSwiftPackageProductDependency;
			package = 1F9D79B42A47AD4300F55418 /* XCRemoteSwiftPackageReference "firebase-ios-sdk" */;
			productName = FirebaseCrashlytics;
		};
		1F9D79BB2A47AD4300F55418 /* FirebaseFirestore */ = {
			isa = XCSwiftPackageProductDependency;
			package = 1F9D79B42A47AD4300F55418 /* XCRemoteSwiftPackageReference "firebase-ios-sdk" */;
			productName = FirebaseFirestore;
		};
/* End XCSwiftPackageProductDependency section */
	};
	rootObject = 1F4C24772A47A6DA00CCAF6D /* Project object */;
}
